// !$*UTF8*$!
{
	archiveVersion = 1;
	classes = {
	};
	objectVersion = 46;
	objects = {

/* Begin PBXBuildFile section */
		65CDA0454C178A1C55EDA446 /* TabIconLibrary.png in Resources */ = {isa = PBXBuildFile; fileRef = 65CDA255BF0DE9ABCE66E092 /* TabIconLibrary.png */; };
		65CDA046210836B5340F2473 /* PPLibraryAllArtistsListViewController.m in Sources */ = {isa = PBXBuildFile; fileRef = 65CDA1B9D5328585104FB80F /* PPLibraryAllArtistsListViewController.m */; };
		65CDA056E0EDDFF2892C32CE /* NavMenuIconCancel.png in Resources */ = {isa = PBXBuildFile; fileRef = 65CDA647CF198E2D3C6DCB4A /* NavMenuIconCancel.png */; };
		65CDA06E239FC06E43FDDAF9 /* PPNavigationBarMenuView.m in Sources */ = {isa = PBXBuildFile; fileRef = 65CDA217DBC509DE4AF79EB2 /* PPNavigationBarMenuView.m */; };
		65CDA0BDE6B3061FEBD07D39 /* CellIconCheckMarkEmpty.png in Resources */ = {isa = PBXBuildFile; fileRef = 65CDA251D8EE2851570C0399 /* CellIconCheckMarkEmpty.png */; };
		65CDA0E4744727DBCACF2990 /* NavMenuIconEdit@3x.png in Resources */ = {isa = PBXBuildFile; fileRef = 65CDA0DF60754DE2B56F28C8 /* NavMenuIconEdit@3x.png */; };
		65CDA0E89BB149C038593963 /* PPLibrarySectionListViewController.m in Sources */ = {isa = PBXBuildFile; fileRef = 65CDA18050A1D952F871AAA5 /* PPLibrarySectionListViewController.m */; };
		65CDA0EB852176E774509D1C /* CellIconLibrarySectionsGenres@2x.png in Resources */ = {isa = PBXBuildFile; fileRef = 65CDAD8A81914ED72D8BDFDE /* CellIconLibrarySectionsGenres@2x.png */; };
		65CDA140F44122887932C6BD /* CellIconFileAudio.png in Resources */ = {isa = PBXBuildFile; fileRef = 65CDA2AE24387CE271219B79 /* CellIconFileAudio.png */; };
		65CDA17A18F4314A413621C7 /* CellIconLibrarySectionsArtists.png in Resources */ = {isa = PBXBuildFile; fileRef = 65CDAF989A55704CFAB57B0B /* CellIconLibrarySectionsArtists.png */; };
		65CDA18A5C45535D728D7350 /* CellIconFileAudio@3x.png in Resources */ = {isa = PBXBuildFile; fileRef = 65CDA33962723992F5C22BE8 /* CellIconFileAudio@3x.png */; };
		65CDA194219F867A44F6FF65 /* PPLibraryAlbumModel.m in Sources */ = {isa = PBXBuildFile; fileRef = 65CDA477CA2A3D8F55FAB7D2 /* PPLibraryAlbumModel.m */; };
		65CDA21A613BE351E19E84A0 /* CellIconFileAudio@2x.png in Resources */ = {isa = PBXBuildFile; fileRef = 65CDA53D8C05C0EAB4484F99 /* CellIconFileAudio@2x.png */; };
		65CDA27BD3DF4DDB32FE01BA /* PPLibraryAllGenresListViewController.m in Sources */ = {isa = PBXBuildFile; fileRef = 65CDAC6FE255CA1E9C84B888 /* PPLibraryAllGenresListViewController.m */; };
		65CDA2916243AB0E52CCAB72 /* CellIconLibrarySectionsArtists@2x.png in Resources */ = {isa = PBXBuildFile; fileRef = 65CDA8DFCE04C600C6B917F6 /* CellIconLibrarySectionsArtists@2x.png */; };
		65CDA2B87C8A765001E2ED11 /* CellIconCheckMarkFilled@2x.png in Resources */ = {isa = PBXBuildFile; fileRef = 65CDA65BACB4376C6D58897C /* CellIconCheckMarkFilled@2x.png */; };
		65CDA3062CFC39D3947F4A88 /* CellIconLibrarySectionsAllSongs.png in Resources */ = {isa = PBXBuildFile; fileRef = 65CDA2B73E8071A63EC266B8 /* CellIconLibrarySectionsAllSongs.png */; };
		65CDA3149A4C8750D55C2F35 /* CellIconLibrarySectionsAllSongs@2x.png in Resources */ = {isa = PBXBuildFile; fileRef = 65CDA5A549DD4A927B52CD82 /* CellIconLibrarySectionsAllSongs@2x.png */; };
		65CDA349F6F9AD9D25971E5B /* PPLibraryAllAlbumsListViewController.m in Sources */ = {isa = PBXBuildFile; fileRef = 65CDA1AD88C5DDB343F92A65 /* PPLibraryAllAlbumsListViewController.m */; };
		65CDA3647D62488F44F1D4C1 /* PPNavigationController.m in Sources */ = {isa = PBXBuildFile; fileRef = 65CDA6D447ECB51A69F5E71B /* PPNavigationController.m */; };
		65CDA37C02244B776B9F7DFC /* NavMenuIconDone.png in Resources */ = {isa = PBXBuildFile; fileRef = 65CDA465F1FE2FE5E349CDA1 /* NavMenuIconDone.png */; };
		65CDA37CCA46D4175255310D /* NavMenuIconDone@2x.png in Resources */ = {isa = PBXBuildFile; fileRef = 65CDA68114A3279D44980273 /* NavMenuIconDone@2x.png */; };
		65CDA3AE582DAE41DBEEEEAB /* TabIconStorage@3x.png in Resources */ = {isa = PBXBuildFile; fileRef = 65CDAED186C06508E38B518C /* TabIconStorage@3x.png */; };
		65CDA3B73F08AD3E930670EB /* ArtworkPlaceHolderIcon.png in Resources */ = {isa = PBXBuildFile; fileRef = 65CDAA818C414D1FA6693C1E /* ArtworkPlaceHolderIcon.png */; };
		65CDA3E39F559DCA522B5CD0 /* TabIconStorage@2x.png in Resources */ = {isa = PBXBuildFile; fileRef = 65CDAB2FF49B60CADE864B14 /* TabIconStorage@2x.png */; };
		65CDA431C7B2221529A5C958 /* CellIconFile@3x.png in Resources */ = {isa = PBXBuildFile; fileRef = 65CDA8F044977C6F11C26F98 /* CellIconFile@3x.png */; };
		65CDA4593B974ADE50F938E8 /* CellIconCheckMarkFilled.png in Resources */ = {isa = PBXBuildFile; fileRef = 65CDA0262E0AE569F66DDC2E /* CellIconCheckMarkFilled.png */; };
		65CDA486F7ADEF5128625768 /* TabIconLibrary@3x.png in Resources */ = {isa = PBXBuildFile; fileRef = 65CDAF5EF14B72F9BEF8B70C /* TabIconLibrary@3x.png */; };
		65CDA4A0F5DDFB777D2E78FB /* TabIconPlaylist@3x.png in Resources */ = {isa = PBXBuildFile; fileRef = 65CDA3D13BD9885EE030E8E6 /* TabIconPlaylist@3x.png */; };
		65CDA4E1C2672CE14613B59A /* PPLibraryGenreModel.m in Sources */ = {isa = PBXBuildFile; fileRef = 65CDA0E154167848700E464B /* PPLibraryGenreModel.m */; };
		65CDA530D53381B3BB2B38C1 /* ArtworkPlaceHolderBig.png in Resources */ = {isa = PBXBuildFile; fileRef = 65CDA32E413022B00FCDAC4D /* ArtworkPlaceHolderBig.png */; };
		65CDA5335098AFAC7451BA05 /* NavMenuIconToLibrary.png in Resources */ = {isa = PBXBuildFile; fileRef = 65CDA41D62DD04BEA30A06F5 /* NavMenuIconToLibrary.png */; };
		65CDA5476DA9C882903DAADC /* CellIconLibrarySectionsAlbums@2x.png in Resources */ = {isa = PBXBuildFile; fileRef = 65CDA42E4E75F3329C9EA0F5 /* CellIconLibrarySectionsAlbums@2x.png */; };
		65CDA551204F96F6A802EAA4 /* TabIconPlayer@2x.png in Resources */ = {isa = PBXBuildFile; fileRef = 65CDA8F863BB5C43BEB21182 /* TabIconPlayer@2x.png */; };
		65CDA57BE45278DA6AF04359 /* CellIconFolder@2x.png in Resources */ = {isa = PBXBuildFile; fileRef = 65CDAAEDC88376F40A700A3D /* CellIconFolder@2x.png */; };
		65CDA58D7C457841C849CEF1 /* CellIconFile.png in Resources */ = {isa = PBXBuildFile; fileRef = 65CDA8209C5981398E65176A /* CellIconFile.png */; };
		65CDA594312CD5917B8B4A81 /* PPSelectableActionsViewController.m in Sources */ = {isa = PBXBuildFile; fileRef = 65CDA721BA61352E5DAB320A /* PPSelectableActionsViewController.m */; };
		65CDA5971F1B642021E75414 /* TabIconPlayer@3x.png in Resources */ = {isa = PBXBuildFile; fileRef = 65CDACFDF0AE390923965320 /* TabIconPlayer@3x.png */; };
		65CDA5A3261E0539091A8F06 /* TabIconLibrary@2x.png in Resources */ = {isa = PBXBuildFile; fileRef = 65CDA43678B1EC6A5C3D95F6 /* TabIconLibrary@2x.png */; };
		65CDA5DC9CD3DA56653AFD19 /* ArtworkPlaceHolderArtist@3x.png in Resources */ = {isa = PBXBuildFile; fileRef = 65CDAD2BA3EDC4255CD1E848 /* ArtworkPlaceHolderArtist@3x.png */; };
		65CDA62FDD08EF9CF455010F /* ArtworkPlaceHolderArtist@2x.png in Resources */ = {isa = PBXBuildFile; fileRef = 65CDAA69271EABFAD893489B /* ArtworkPlaceHolderArtist@2x.png */; };
		65CDA63C157AD972DB3512F6 /* NavMenuIconEdit.png in Resources */ = {isa = PBXBuildFile; fileRef = 65CDA8F528687F2AEC1240CE /* NavMenuIconEdit.png */; };
		65CDA63CF91FDA264E06DEAE /* PPStorageRootViewController.m in Sources */ = {isa = PBXBuildFile; fileRef = 65CDA2531E3580D21E05E1F4 /* PPStorageRootViewController.m */; };
		65CDA674195F357A551FC146 /* PPTabBarController.m in Sources */ = {isa = PBXBuildFile; fileRef = 65CDA007B651B621FEDD13AB /* PPTabBarController.m */; };
		65CDA69892BBDE466B07777A /* PPLibraryProvider.m in Sources */ = {isa = PBXBuildFile; fileRef = 65CDA6E9B03DEE5170902ABB /* PPLibraryProvider.m */; };
		65CDA6B24115C6C4A5E89C64 /* PPLibraryArtistModel.m in Sources */ = {isa = PBXBuildFile; fileRef = 65CDA49EA6F166F8EDE14365 /* PPLibraryArtistModel.m */; };
		65CDA726A5D40B548EBBF4F3 /* PPDirectoryWatcher.m in Sources */ = {isa = PBXBuildFile; fileRef = 65CDAD407ACF53B292D9760D /* PPDirectoryWatcher.m */; };
		65CDA75CD05F56A094DFA4E4 /* NavMenuIconDelete.png in Resources */ = {isa = PBXBuildFile; fileRef = 65CDA987FAD9AC044000854E /* NavMenuIconDelete.png */; };
		65CDA786712D3C7430C72A97 /* CellIconLibrarySectionsAllSongs@3x.png in Resources */ = {isa = PBXBuildFile; fileRef = 65CDAA2D33E1340472BAC753 /* CellIconLibrarySectionsAllSongs@3x.png */; };
		65CDA7B7CC968A05B07A5747 /* TabIconSettings.png in Resources */ = {isa = PBXBuildFile; fileRef = 65CDA26FB8D787BD4294CBEE /* TabIconSettings.png */; };
		65CDA7CBE1FEEDCC61B7CA36 /* PPPlaylistsRootViewController.m in Sources */ = {isa = PBXBuildFile; fileRef = 65CDADAA817C01093197E664 /* PPPlaylistsRootViewController.m */; };
		65CDA7D92AB7A3C5AA87FD57 /* ArtworkPlaceHolderBig@2x.png in Resources */ = {isa = PBXBuildFile; fileRef = 65CDAD4EB643370A2EA983A9 /* ArtworkPlaceHolderBig@2x.png */; };
		65CDA850869CC9BF039BD1E5 /* NavMenuIconCancel@3x.png in Resources */ = {isa = PBXBuildFile; fileRef = 65CDAF1408DDACAF696C3352 /* NavMenuIconCancel@3x.png */; };
		65CDA86105D57C9F97DAFAC1 /* CellIconCheckMarkEmpty@3x.png in Resources */ = {isa = PBXBuildFile; fileRef = 65CDADEF4637A89FDFF68878 /* CellIconCheckMarkEmpty@3x.png */; };
		65CDA864B1743002EFC1EA11 /* LLACircularProgressView.m in Sources */ = {isa = PBXBuildFile; fileRef = 65CDAC8DA10B7A0FA7444CA0 /* LLACircularProgressView.m */; };
		65CDA8C4F6EAC1A21C6667BA /* NavMenuIconDelete@3x.png in Resources */ = {isa = PBXBuildFile; fileRef = 65CDA03B803E410AE50C0F3A /* NavMenuIconDelete@3x.png */; };
		65CDA91EFF4DE2B481E31060 /* NavMenuIconToLibrary@3x.png in Resources */ = {isa = PBXBuildFile; fileRef = 65CDAC7451B5A4B5F8897390 /* NavMenuIconToLibrary@3x.png */; };
		65CDA94CFE9399930B18A078 /* TabIconPlayer.png in Resources */ = {isa = PBXBuildFile; fileRef = 65CDA20580AF365292B4DEB7 /* TabIconPlayer.png */; };
		65CDA96549B5D4D04D42DDB8 /* CellIconLibrarySectionsArtists@3x.png in Resources */ = {isa = PBXBuildFile; fileRef = 65CDA2F0CEB6842DF933D399 /* CellIconLibrarySectionsArtists@3x.png */; };
		65CDA979B6C8B8182D4227FE /* CellIconFolder.png in Resources */ = {isa = PBXBuildFile; fileRef = 65CDA434A87EF62B917CF1C4 /* CellIconFolder.png */; };
		65CDA97EC2AADBC32F2BD202 /* CellIconFile@2x.png in Resources */ = {isa = PBXBuildFile; fileRef = 65CDA36E4385907B148E998B /* CellIconFile@2x.png */; };
		65CDA97F24840D82D239E03F /* PPLibraryPlaylistsListViewController.m in Sources */ = {isa = PBXBuildFile; fileRef = 65CDA2064830795C34D76A91 /* PPLibraryPlaylistsListViewController.m */; };
		65CDA9E71B7796A77133002F /* NavMenuIconDone@3x.png in Resources */ = {isa = PBXBuildFile; fileRef = 65CDAB0FE8CED06B215C8A58 /* NavMenuIconDone@3x.png */; };
		65CDA9F1BC864FAFB43749F1 /* NavMenuIconToLibrary@2x.png in Resources */ = {isa = PBXBuildFile; fileRef = 65CDA730B600220C32574B44 /* NavMenuIconToLibrary@2x.png */; };
		65CDA9FFB212ED45AC4DF808 /* TabIconPlaylist.png in Resources */ = {isa = PBXBuildFile; fileRef = 65CDAE7FE7FE361ECFF18599 /* TabIconPlaylist.png */; };
		65CDAA2C393F33F9E8D1FA08 /* PPFilesProvider.m in Sources */ = {isa = PBXBuildFile; fileRef = 65CDAAEBD49412A5ECA374B4 /* PPFilesProvider.m */; };
		65CDAA79AD0DCCF53C404A9B /* CellIconLibrarySectionsAlbums@3x.png in Resources */ = {isa = PBXBuildFile; fileRef = 65CDAED8C3AF1FFDCD17CD0F /* CellIconLibrarySectionsAlbums@3x.png */; };
		65CDAAB1782CE593ECD3EC3C /* PPMenuNavigationViewController.m in Sources */ = {isa = PBXBuildFile; fileRef = 65CDAD2DA528EB1833FD5868 /* PPMenuNavigationViewController.m */; };
		65CDAAB8D2DDF35EF15324E3 /* PPProvider.m in Sources */ = {isa = PBXBuildFile; fileRef = 65CDAB5734ACD96E9FD87E96 /* PPProvider.m */; };
		65CDAAB955B1E322BBFF129F /* CellIconFolder@3x.png in Resources */ = {isa = PBXBuildFile; fileRef = 65CDA98E737B5636BC61C4BF /* CellIconFolder@3x.png */; };
		65CDAAD81048C40A5877E7D0 /* CellIconCheckMarkEmpty@2x.png in Resources */ = {isa = PBXBuildFile; fileRef = 65CDAE38C76ED5933195559C /* CellIconCheckMarkEmpty@2x.png */; };
		65CDAB3BAF29BADD7C299F79 /* TabIconStorage.png in Resources */ = {isa = PBXBuildFile; fileRef = 65CDAFC9D7C30E1CC9D42F09 /* TabIconStorage.png */; };
		65CDAB59331C3E70C2A5B82E /* PPLibraryTrackModel.m in Sources */ = {isa = PBXBuildFile; fileRef = 65CDA85E2CA2295D8AF54AFC /* PPLibraryTrackModel.m */; };
		65CDABA93627B7B412A8B609 /* NavMenuIconCancel@2x.png in Resources */ = {isa = PBXBuildFile; fileRef = 65CDA31C3AB8F64745B2708A /* NavMenuIconCancel@2x.png */; };
		65CDAC507C5036855C4A139D /* PPFilesListViewController.m in Sources */ = {isa = PBXBuildFile; fileRef = 65CDAE9A89FB2D8E0A321322 /* PPFilesListViewController.m */; };
		65CDACE91A1B3326110D8C00 /* ArtworkPlaceHolderArtist.png in Resources */ = {isa = PBXBuildFile; fileRef = 65CDA6C6343980E044B483A8 /* ArtworkPlaceHolderArtist.png */; };
		65CDAD1DCFB3C23E87124D05 /* PPLibrarySectionsViewController.m in Sources */ = {isa = PBXBuildFile; fileRef = 65CDAAB4632FF6F8F9F84996 /* PPLibrarySectionsViewController.m */; };
		65CDAD2B9B3DAB713A8A09D1 /* CellIconCheckMarkFilled@3x.png in Resources */ = {isa = PBXBuildFile; fileRef = 65CDA6492E7508D5C0E49DAD /* CellIconCheckMarkFilled@3x.png */; };
		65CDAD2DD7848C9BAC985D82 /* PPLibraryAlbumsWithTracksListViewController.m in Sources */ = {isa = PBXBuildFile; fileRef = 65CDAC3644806D8ED697BF93 /* PPLibraryAlbumsWithTracksListViewController.m */; };
		65CDAD73977D3CBC5364D382 /* PPModel.m in Sources */ = {isa = PBXBuildFile; fileRef = 65CDA3D1E264811EBC735A72 /* PPModel.m */; };
		65CDADABB7F22C1C931FC707 /* ArtworkPlaceHolderIcon@3x.png in Resources */ = {isa = PBXBuildFile; fileRef = 65CDADCE3EFA431CDDA82934 /* ArtworkPlaceHolderIcon@3x.png */; };
		65CDADB3454E9750EE138F8C /* NSString+EncodingFixing.m in Sources */ = {isa = PBXBuildFile; fileRef = 65CDAF8CA7E021ADB356871F /* NSString+EncodingFixing.m */; };
		65CDADC0CF896C3991A90750 /* NavMenuIconDelete@2x.png in Resources */ = {isa = PBXBuildFile; fileRef = 65CDA63A4DB188E255AD81C3 /* NavMenuIconDelete@2x.png */; };
		65CDAE03C27D8F78FD6CE062 /* PPLibraryRootViewController.m in Sources */ = {isa = PBXBuildFile; fileRef = 65CDA3668AA954566E2D099E /* PPLibraryRootViewController.m */; };
		65CDAE0B152F9EA74CDC0B2F /* CellIconLibrarySectionsGenres@3x.png in Resources */ = {isa = PBXBuildFile; fileRef = 65CDA0172DAF051C9C2FD3FD /* CellIconLibrarySectionsGenres@3x.png */; };
		65CDAE1086FCC3388C24B401 /* PPLibraryItemModel.m in Sources */ = {isa = PBXBuildFile; fileRef = 65CDA7D333D29D78B519EF15 /* PPLibraryItemModel.m */; };
		65CDAE5CC2BFB203C5333E7E /* TabIconSettings@3x.png in Resources */ = {isa = PBXBuildFile; fileRef = 65CDA19917D7858BA7D895F8 /* TabIconSettings@3x.png */; };
		65CDAEB04CD16B54B1AB36AA /* ArtworkPlaceHolderIcon@2x.png in Resources */ = {isa = PBXBuildFile; fileRef = 65CDADE97BC964D53938BDD9 /* ArtworkPlaceHolderIcon@2x.png */; };
		65CDAEB0997A618628E5A052 /* CellIconLibrarySectionsGenres.png in Resources */ = {isa = PBXBuildFile; fileRef = 65CDAF26A70C986A71C33969 /* CellIconLibrarySectionsGenres.png */; };
		65CDAEC4869265B6B095B731 /* PPLibraryAllSongsListViewController.m in Sources */ = {isa = PBXBuildFile; fileRef = 65CDA56CDD0CBBE3880C5617 /* PPLibraryAllSongsListViewController.m */; };
		65CDAEF110176719DF1C03A4 /* NavMenuIconEdit@2x.png in Resources */ = {isa = PBXBuildFile; fileRef = 65CDABBA8C3CE8F2A0228D1B /* NavMenuIconEdit@2x.png */; };
		65CDAF267F023F65D5772073 /* PPFileModel.m in Sources */ = {isa = PBXBuildFile; fileRef = 65CDA9EE55DCAAC0CEF528D1 /* PPFileModel.m */; };
		65CDAF340C06B80364C97A5A /* CellIconLibrarySectionsAlbums.png in Resources */ = {isa = PBXBuildFile; fileRef = 65CDA08715F707071FC6887C /* CellIconLibrarySectionsAlbums.png */; };
		65CDAF35F2E53AAF85DE7CEA /* ArtworkPlaceHolderBig@3x.png in Resources */ = {isa = PBXBuildFile; fileRef = 65CDA4CEFA4E9125940A59BC /* ArtworkPlaceHolderBig@3x.png */; };
		65CDAFBA93429CA538FD3ED7 /* TabIconPlaylist@2x.png in Resources */ = {isa = PBXBuildFile; fileRef = 65CDAA425F97AC96EC82F988 /* TabIconPlaylist@2x.png */; };
		65CDAFC2DD458740FE1ED3F0 /* TabIconSettings@2x.png in Resources */ = {isa = PBXBuildFile; fileRef = 65CDAB82A1C4ED432D232322 /* TabIconSettings@2x.png */; };
		A73E44701A502E29009E8B7C /* PPRootViewController.m in Sources */ = {isa = PBXBuildFile; fileRef = A73E44601A502E29009E8B7C /* PPRootViewController.m */; };
		A73E44741A502E29009E8B7C /* PPViewController.m in Sources */ = {isa = PBXBuildFile; fileRef = A73E446D1A502E29009E8B7C /* PPViewController.m */; };
		A73EE0D21A5032800080A13F /* Localizable.strings in Resources */ = {isa = PBXBuildFile; fileRef = A73EE0CF1A5032800080A13F /* Localizable.strings */; };
		A79B13591A502AF70042DD4E /* Common.xcassets in Resources */ = {isa = PBXBuildFile; fileRef = A79B13581A502AF70042DD4E /* Common.xcassets */; };
		A7B83EAF1A5866EE008E6979 /* MobileCoreServices.framework in Frameworks */ = {isa = PBXBuildFile; fileRef = A7B83EAC1A5866C2008E6979 /* MobileCoreServices.framework */; };
		A7B83EB11A5866F9008E6979 /* libsqlite3.dylib in Frameworks */ = {isa = PBXBuildFile; fileRef = A7B83EB01A5866F9008E6979 /* libsqlite3.dylib */; };
		A7B83ED01A586746008E6979 /* FMDatabase.m in Sources */ = {isa = PBXBuildFile; fileRef = A7B83EC61A586746008E6979 /* FMDatabase.m */; };
		A7B83ED11A586746008E6979 /* FMDatabaseAdditions.m in Sources */ = {isa = PBXBuildFile; fileRef = A7B83EC81A586746008E6979 /* FMDatabaseAdditions.m */; };
		A7B83ED21A586746008E6979 /* FMDatabasePool.m in Sources */ = {isa = PBXBuildFile; fileRef = A7B83ECA1A586746008E6979 /* FMDatabasePool.m */; };
		A7B83ED31A586746008E6979 /* FMDatabaseQueue.m in Sources */ = {isa = PBXBuildFile; fileRef = A7B83ECC1A586746008E6979 /* FMDatabaseQueue.m */; };
		A7B83ED41A586746008E6979 /* FMResultSet.m in Sources */ = {isa = PBXBuildFile; fileRef = A7B83ECF1A586746008E6979 /* FMResultSet.m */; };
		A7C448C61A501FB300FE096B /* AppDelegate.m in Sources */ = {isa = PBXBuildFile; fileRef = A7C448C11A501FB300FE096B /* AppDelegate.m */; };
		A7C448C81A501FB300FE096B /* main.m in Sources */ = {isa = PBXBuildFile; fileRef = A7C448C41A501FB300FE096B /* main.m */; };
		A7CE278F1A5090130074806E /* NavMenuIconSelect.png in Resources */ = {isa = PBXBuildFile; fileRef = A7CE278C1A5090130074806E /* NavMenuIconSelect.png */; };
		A7CE27901A5090130074806E /* NavMenuIconSelect@2x.png in Resources */ = {isa = PBXBuildFile; fileRef = A7CE278D1A5090130074806E /* NavMenuIconSelect@2x.png */; };
		A7CE27911A5090130074806E /* NavMenuIconSelect@3x.png in Resources */ = {isa = PBXBuildFile; fileRef = A7CE278E1A5090130074806E /* NavMenuIconSelect@3x.png */; };
		A7F3E7291A504F360018243C /* PPLaunchScreen.xib in Resources */ = {isa = PBXBuildFile; fileRef = A7F3E7281A504F360018243C /* PPLaunchScreen.xib */; };
/* End PBXBuildFile section */

/* Begin PBXFileReference section */
		65CDA007B651B621FEDD13AB /* PPTabBarController.m */ = {isa = PBXFileReference; fileEncoding = 4; lastKnownFileType = sourcecode.c.objc; path = PPTabBarController.m; sourceTree = "<group>"; };
		65CDA00F5FCAE1E19FA4D132 /* PPLibraryArtistModel.h */ = {isa = PBXFileReference; fileEncoding = 4; lastKnownFileType = sourcecode.c.h; path = PPLibraryArtistModel.h; sourceTree = "<group>"; };
		65CDA0172DAF051C9C2FD3FD /* CellIconLibrarySectionsGenres@3x.png */ = {isa = PBXFileReference; lastKnownFileType = image.png; path = "CellIconLibrarySectionsGenres@3x.png"; sourceTree = "<group>"; };
		65CDA0262E0AE569F66DDC2E /* CellIconCheckMarkFilled.png */ = {isa = PBXFileReference; lastKnownFileType = image.png; path = CellIconCheckMarkFilled.png; sourceTree = "<group>"; };
		65CDA03B803E410AE50C0F3A /* NavMenuIconDelete@3x.png */ = {isa = PBXFileReference; lastKnownFileType = image.png; path = "NavMenuIconDelete@3x.png"; sourceTree = "<group>"; };
		65CDA08715F707071FC6887C /* CellIconLibrarySectionsAlbums.png */ = {isa = PBXFileReference; lastKnownFileType = image.png; path = CellIconLibrarySectionsAlbums.png; sourceTree = "<group>"; };
		65CDA0DF60754DE2B56F28C8 /* NavMenuIconEdit@3x.png */ = {isa = PBXFileReference; lastKnownFileType = image.png; path = "NavMenuIconEdit@3x.png"; sourceTree = "<group>"; };
		65CDA0E154167848700E464B /* PPLibraryGenreModel.m */ = {isa = PBXFileReference; fileEncoding = 4; lastKnownFileType = sourcecode.c.objc; path = PPLibraryGenreModel.m; sourceTree = "<group>"; };
		65CDA1647C719DBEDCDAE19A /* PPDirectoryWatcher.h */ = {isa = PBXFileReference; fileEncoding = 4; lastKnownFileType = sourcecode.c.h; path = PPDirectoryWatcher.h; sourceTree = "<group>"; };
		65CDA18050A1D952F871AAA5 /* PPLibrarySectionListViewController.m */ = {isa = PBXFileReference; fileEncoding = 4; lastKnownFileType = sourcecode.c.objc; path = PPLibrarySectionListViewController.m; sourceTree = "<group>"; };
		65CDA19917D7858BA7D895F8 /* TabIconSettings@3x.png */ = {isa = PBXFileReference; lastKnownFileType = image.png; path = "TabIconSettings@3x.png"; sourceTree = "<group>"; };
		65CDA1AD88C5DDB343F92A65 /* PPLibraryAllAlbumsListViewController.m */ = {isa = PBXFileReference; fileEncoding = 4; lastKnownFileType = sourcecode.c.objc; path = PPLibraryAllAlbumsListViewController.m; sourceTree = "<group>"; };
		65CDA1B9D5328585104FB80F /* PPLibraryAllArtistsListViewController.m */ = {isa = PBXFileReference; fileEncoding = 4; lastKnownFileType = sourcecode.c.objc; path = PPLibraryAllArtistsListViewController.m; sourceTree = "<group>"; };
		65CDA20580AF365292B4DEB7 /* TabIconPlayer.png */ = {isa = PBXFileReference; lastKnownFileType = image.png; path = TabIconPlayer.png; sourceTree = "<group>"; };
		65CDA2064830795C34D76A91 /* PPLibraryPlaylistsListViewController.m */ = {isa = PBXFileReference; fileEncoding = 4; lastKnownFileType = sourcecode.c.objc; path = PPLibraryPlaylistsListViewController.m; sourceTree = "<group>"; };
		65CDA217DBC509DE4AF79EB2 /* PPNavigationBarMenuView.m */ = {isa = PBXFileReference; fileEncoding = 4; lastKnownFileType = sourcecode.c.objc; path = PPNavigationBarMenuView.m; sourceTree = "<group>"; };
		65CDA244CA75B1D27F875E84 /* PPProvider.h */ = {isa = PBXFileReference; fileEncoding = 4; lastKnownFileType = sourcecode.c.h; path = PPProvider.h; sourceTree = "<group>"; };
		65CDA251D8EE2851570C0399 /* CellIconCheckMarkEmpty.png */ = {isa = PBXFileReference; lastKnownFileType = image.png; path = CellIconCheckMarkEmpty.png; sourceTree = "<group>"; };
		65CDA2531E3580D21E05E1F4 /* PPStorageRootViewController.m */ = {isa = PBXFileReference; fileEncoding = 4; lastKnownFileType = sourcecode.c.objc; path = PPStorageRootViewController.m; sourceTree = "<group>"; };
		65CDA255BF0DE9ABCE66E092 /* TabIconLibrary.png */ = {isa = PBXFileReference; lastKnownFileType = image.png; path = TabIconLibrary.png; sourceTree = "<group>"; };
		65CDA26FB8D787BD4294CBEE /* TabIconSettings.png */ = {isa = PBXFileReference; lastKnownFileType = image.png; path = TabIconSettings.png; sourceTree = "<group>"; };
		65CDA2AE24387CE271219B79 /* CellIconFileAudio.png */ = {isa = PBXFileReference; lastKnownFileType = image.png; path = CellIconFileAudio.png; sourceTree = "<group>"; };
		65CDA2B73E8071A63EC266B8 /* CellIconLibrarySectionsAllSongs.png */ = {isa = PBXFileReference; lastKnownFileType = image.png; path = CellIconLibrarySectionsAllSongs.png; sourceTree = "<group>"; };
		65CDA2F0CEB6842DF933D399 /* CellIconLibrarySectionsArtists@3x.png */ = {isa = PBXFileReference; lastKnownFileType = image.png; path = "CellIconLibrarySectionsArtists@3x.png"; sourceTree = "<group>"; };
		65CDA31C3AB8F64745B2708A /* NavMenuIconCancel@2x.png */ = {isa = PBXFileReference; lastKnownFileType = image.png; path = "NavMenuIconCancel@2x.png"; sourceTree = "<group>"; };
		65CDA32E413022B00FCDAC4D /* ArtworkPlaceHolderBig.png */ = {isa = PBXFileReference; lastKnownFileType = image.png; path = ArtworkPlaceHolderBig.png; sourceTree = "<group>"; };
		65CDA33962723992F5C22BE8 /* CellIconFileAudio@3x.png */ = {isa = PBXFileReference; lastKnownFileType = image.png; path = "CellIconFileAudio@3x.png"; sourceTree = "<group>"; };
		65CDA3668AA954566E2D099E /* PPLibraryRootViewController.m */ = {isa = PBXFileReference; fileEncoding = 4; lastKnownFileType = sourcecode.c.objc; path = PPLibraryRootViewController.m; sourceTree = "<group>"; };
		65CDA36E4385907B148E998B /* CellIconFile@2x.png */ = {isa = PBXFileReference; lastKnownFileType = image.png; path = "CellIconFile@2x.png"; sourceTree = "<group>"; };
		65CDA3D13BD9885EE030E8E6 /* TabIconPlaylist@3x.png */ = {isa = PBXFileReference; lastKnownFileType = image.png; path = "TabIconPlaylist@3x.png"; sourceTree = "<group>"; };
		65CDA3D1E264811EBC735A72 /* PPModel.m */ = {isa = PBXFileReference; fileEncoding = 4; lastKnownFileType = sourcecode.c.objc; path = PPModel.m; sourceTree = "<group>"; };
		65CDA41D62DD04BEA30A06F5 /* NavMenuIconToLibrary.png */ = {isa = PBXFileReference; lastKnownFileType = image.png; path = NavMenuIconToLibrary.png; sourceTree = "<group>"; };
		65CDA42E4E75F3329C9EA0F5 /* CellIconLibrarySectionsAlbums@2x.png */ = {isa = PBXFileReference; lastKnownFileType = image.png; path = "CellIconLibrarySectionsAlbums@2x.png"; sourceTree = "<group>"; };
		65CDA434A87EF62B917CF1C4 /* CellIconFolder.png */ = {isa = PBXFileReference; lastKnownFileType = image.png; path = CellIconFolder.png; sourceTree = "<group>"; };
		65CDA43678B1EC6A5C3D95F6 /* TabIconLibrary@2x.png */ = {isa = PBXFileReference; lastKnownFileType = image.png; path = "TabIconLibrary@2x.png"; sourceTree = "<group>"; };
		65CDA4643B75916DDC4E62DD /* PPNavigationController.h */ = {isa = PBXFileReference; fileEncoding = 4; lastKnownFileType = sourcecode.c.h; path = PPNavigationController.h; sourceTree = "<group>"; };
		65CDA465F1FE2FE5E349CDA1 /* NavMenuIconDone.png */ = {isa = PBXFileReference; lastKnownFileType = image.png; path = NavMenuIconDone.png; sourceTree = "<group>"; };
		65CDA477CA2A3D8F55FAB7D2 /* PPLibraryAlbumModel.m */ = {isa = PBXFileReference; fileEncoding = 4; lastKnownFileType = sourcecode.c.objc; path = PPLibraryAlbumModel.m; sourceTree = "<group>"; };
		65CDA49EA6F166F8EDE14365 /* PPLibraryArtistModel.m */ = {isa = PBXFileReference; fileEncoding = 4; lastKnownFileType = sourcecode.c.objc; path = PPLibraryArtistModel.m; sourceTree = "<group>"; };
		65CDA4CEFA4E9125940A59BC /* ArtworkPlaceHolderBig@3x.png */ = {isa = PBXFileReference; lastKnownFileType = image.png; path = "ArtworkPlaceHolderBig@3x.png"; sourceTree = "<group>"; };
		65CDA51847EF265D53C1B0D3 /* PPStorageRootViewController.h */ = {isa = PBXFileReference; fileEncoding = 4; lastKnownFileType = sourcecode.c.h; path = PPStorageRootViewController.h; sourceTree = "<group>"; };
		65CDA53D8C05C0EAB4484F99 /* CellIconFileAudio@2x.png */ = {isa = PBXFileReference; lastKnownFileType = image.png; path = "CellIconFileAudio@2x.png"; sourceTree = "<group>"; };
		65CDA56CDD0CBBE3880C5617 /* PPLibraryAllSongsListViewController.m */ = {isa = PBXFileReference; fileEncoding = 4; lastKnownFileType = sourcecode.c.objc; path = PPLibraryAllSongsListViewController.m; sourceTree = "<group>"; };
		65CDA5834910126889C0076A /* PPMenuNavigationViewController.h */ = {isa = PBXFileReference; fileEncoding = 4; lastKnownFileType = sourcecode.c.h; path = PPMenuNavigationViewController.h; sourceTree = "<group>"; };
		65CDA5A549DD4A927B52CD82 /* CellIconLibrarySectionsAllSongs@2x.png */ = {isa = PBXFileReference; lastKnownFileType = image.png; path = "CellIconLibrarySectionsAllSongs@2x.png"; sourceTree = "<group>"; };
		65CDA61246E8EFE6DC982D5C /* PPLibraryTrackModel.h */ = {isa = PBXFileReference; fileEncoding = 4; lastKnownFileType = sourcecode.c.h; path = PPLibraryTrackModel.h; sourceTree = "<group>"; };
		65CDA63A4DB188E255AD81C3 /* NavMenuIconDelete@2x.png */ = {isa = PBXFileReference; lastKnownFileType = image.png; path = "NavMenuIconDelete@2x.png"; sourceTree = "<group>"; };
		65CDA647CF198E2D3C6DCB4A /* NavMenuIconCancel.png */ = {isa = PBXFileReference; lastKnownFileType = image.png; path = NavMenuIconCancel.png; sourceTree = "<group>"; };
		65CDA6492E7508D5C0E49DAD /* CellIconCheckMarkFilled@3x.png */ = {isa = PBXFileReference; lastKnownFileType = image.png; path = "CellIconCheckMarkFilled@3x.png"; sourceTree = "<group>"; };
		65CDA65BACB4376C6D58897C /* CellIconCheckMarkFilled@2x.png */ = {isa = PBXFileReference; lastKnownFileType = image.png; path = "CellIconCheckMarkFilled@2x.png"; sourceTree = "<group>"; };
		65CDA67E39070531ED665BB7 /* PPLibraryGenreModel.h */ = {isa = PBXFileReference; fileEncoding = 4; lastKnownFileType = sourcecode.c.h; path = PPLibraryGenreModel.h; sourceTree = "<group>"; };
		65CDA68114A3279D44980273 /* NavMenuIconDone@2x.png */ = {isa = PBXFileReference; lastKnownFileType = image.png; path = "NavMenuIconDone@2x.png"; sourceTree = "<group>"; };
		65CDA698653CECE6934846C9 /* PPLibrarySectionListViewController.h */ = {isa = PBXFileReference; fileEncoding = 4; lastKnownFileType = sourcecode.c.h; path = PPLibrarySectionListViewController.h; sourceTree = "<group>"; };
		65CDA6C6343980E044B483A8 /* ArtworkPlaceHolderArtist.png */ = {isa = PBXFileReference; lastKnownFileType = image.png; path = ArtworkPlaceHolderArtist.png; sourceTree = "<group>"; };
		65CDA6D447ECB51A69F5E71B /* PPNavigationController.m */ = {isa = PBXFileReference; fileEncoding = 4; lastKnownFileType = sourcecode.c.objc; path = PPNavigationController.m; sourceTree = "<group>"; };
		65CDA6E9B03DEE5170902ABB /* PPLibraryProvider.m */ = {isa = PBXFileReference; fileEncoding = 4; lastKnownFileType = sourcecode.c.objc; path = PPLibraryProvider.m; sourceTree = "<group>"; };
		65CDA721BA61352E5DAB320A /* PPSelectableActionsViewController.m */ = {isa = PBXFileReference; fileEncoding = 4; lastKnownFileType = sourcecode.c.objc; path = PPSelectableActionsViewController.m; sourceTree = "<group>"; };
		65CDA730B600220C32574B44 /* NavMenuIconToLibrary@2x.png */ = {isa = PBXFileReference; lastKnownFileType = image.png; path = "NavMenuIconToLibrary@2x.png"; sourceTree = "<group>"; };
		65CDA7D333D29D78B519EF15 /* PPLibraryItemModel.m */ = {isa = PBXFileReference; fileEncoding = 4; lastKnownFileType = sourcecode.c.objc; path = PPLibraryItemModel.m; sourceTree = "<group>"; };
		65CDA811670F87B634A12A66 /* PPLibraryAllArtistsListViewController.h */ = {isa = PBXFileReference; fileEncoding = 4; lastKnownFileType = sourcecode.c.h; path = PPLibraryAllArtistsListViewController.h; sourceTree = "<group>"; };
		65CDA8209C5981398E65176A /* CellIconFile.png */ = {isa = PBXFileReference; lastKnownFileType = image.png; path = CellIconFile.png; sourceTree = "<group>"; };
		65CDA85E2CA2295D8AF54AFC /* PPLibraryTrackModel.m */ = {isa = PBXFileReference; fileEncoding = 4; lastKnownFileType = sourcecode.c.objc; path = PPLibraryTrackModel.m; sourceTree = "<group>"; };
		65CDA86148B0FD5C5BE81E8E /* PPLibraryAlbumsWithTracksListViewController.h */ = {isa = PBXFileReference; fileEncoding = 4; lastKnownFileType = sourcecode.c.h; path = PPLibraryAlbumsWithTracksListViewController.h; sourceTree = "<group>"; };
		65CDA88B2CFB64E225A4D878 /* PPFilesProvider.h */ = {isa = PBXFileReference; fileEncoding = 4; lastKnownFileType = sourcecode.c.h; path = PPFilesProvider.h; sourceTree = "<group>"; };
		65CDA88F255C8C043A282CB3 /* PPFilesListViewController.h */ = {isa = PBXFileReference; fileEncoding = 4; lastKnownFileType = sourcecode.c.h; path = PPFilesListViewController.h; sourceTree = "<group>"; };
		65CDA895FB8509A760DAAADC /* PPLibraryAllAlbumsListViewController.h */ = {isa = PBXFileReference; fileEncoding = 4; lastKnownFileType = sourcecode.c.h; path = PPLibraryAllAlbumsListViewController.h; sourceTree = "<group>"; };
		65CDA8A819126E38F154FA9A /* PPLibraryProvider.h */ = {isa = PBXFileReference; fileEncoding = 4; lastKnownFileType = sourcecode.c.h; path = PPLibraryProvider.h; sourceTree = "<group>"; };
		65CDA8DFCE04C600C6B917F6 /* CellIconLibrarySectionsArtists@2x.png */ = {isa = PBXFileReference; lastKnownFileType = image.png; path = "CellIconLibrarySectionsArtists@2x.png"; sourceTree = "<group>"; };
		65CDA8E6B3ED5510CD6DE0E0 /* PPLibraryAllSongsListViewController.h */ = {isa = PBXFileReference; fileEncoding = 4; lastKnownFileType = sourcecode.c.h; path = PPLibraryAllSongsListViewController.h; sourceTree = "<group>"; };
		65CDA8F044977C6F11C26F98 /* CellIconFile@3x.png */ = {isa = PBXFileReference; lastKnownFileType = image.png; path = "CellIconFile@3x.png"; sourceTree = "<group>"; };
		65CDA8F528687F2AEC1240CE /* NavMenuIconEdit.png */ = {isa = PBXFileReference; lastKnownFileType = image.png; path = NavMenuIconEdit.png; sourceTree = "<group>"; };
		65CDA8F863BB5C43BEB21182 /* TabIconPlayer@2x.png */ = {isa = PBXFileReference; lastKnownFileType = image.png; path = "TabIconPlayer@2x.png"; sourceTree = "<group>"; };
		65CDA92FFD0C4247708FBF43 /* NSString+EncodingFixing.h */ = {isa = PBXFileReference; fileEncoding = 4; lastKnownFileType = sourcecode.c.h; path = "NSString+EncodingFixing.h"; sourceTree = "<group>"; };
		65CDA987FAD9AC044000854E /* NavMenuIconDelete.png */ = {isa = PBXFileReference; lastKnownFileType = image.png; path = NavMenuIconDelete.png; sourceTree = "<group>"; };
		65CDA98E737B5636BC61C4BF /* CellIconFolder@3x.png */ = {isa = PBXFileReference; lastKnownFileType = image.png; path = "CellIconFolder@3x.png"; sourceTree = "<group>"; };
		65CDA9AD398C849E711123B6 /* PPNavigationBarMenuView.h */ = {isa = PBXFileReference; fileEncoding = 4; lastKnownFileType = sourcecode.c.h; path = PPNavigationBarMenuView.h; sourceTree = "<group>"; };
		65CDA9EE55DCAAC0CEF528D1 /* PPFileModel.m */ = {isa = PBXFileReference; fileEncoding = 4; lastKnownFileType = sourcecode.c.objc; path = PPFileModel.m; sourceTree = "<group>"; };
		65CDAA2D33E1340472BAC753 /* CellIconLibrarySectionsAllSongs@3x.png */ = {isa = PBXFileReference; lastKnownFileType = image.png; path = "CellIconLibrarySectionsAllSongs@3x.png"; sourceTree = "<group>"; };
		65CDAA425F97AC96EC82F988 /* TabIconPlaylist@2x.png */ = {isa = PBXFileReference; lastKnownFileType = image.png; path = "TabIconPlaylist@2x.png"; sourceTree = "<group>"; };
		65CDAA69271EABFAD893489B /* ArtworkPlaceHolderArtist@2x.png */ = {isa = PBXFileReference; lastKnownFileType = image.png; path = "ArtworkPlaceHolderArtist@2x.png"; sourceTree = "<group>"; };
		65CDAA762C32593940B9F478 /* PPLibraryAllGenresListViewController.h */ = {isa = PBXFileReference; fileEncoding = 4; lastKnownFileType = sourcecode.c.h; path = PPLibraryAllGenresListViewController.h; sourceTree = "<group>"; };
		65CDAA818C414D1FA6693C1E /* ArtworkPlaceHolderIcon.png */ = {isa = PBXFileReference; lastKnownFileType = image.png; path = ArtworkPlaceHolderIcon.png; sourceTree = "<group>"; };
		65CDAAB4632FF6F8F9F84996 /* PPLibrarySectionsViewController.m */ = {isa = PBXFileReference; fileEncoding = 4; lastKnownFileType = sourcecode.c.objc; path = PPLibrarySectionsViewController.m; sourceTree = "<group>"; };
		65CDAAEBD49412A5ECA374B4 /* PPFilesProvider.m */ = {isa = PBXFileReference; fileEncoding = 4; lastKnownFileType = sourcecode.c.objc; path = PPFilesProvider.m; sourceTree = "<group>"; };
		65CDAAEDC88376F40A700A3D /* CellIconFolder@2x.png */ = {isa = PBXFileReference; lastKnownFileType = image.png; path = "CellIconFolder@2x.png"; sourceTree = "<group>"; };
		65CDAB0FE8CED06B215C8A58 /* NavMenuIconDone@3x.png */ = {isa = PBXFileReference; lastKnownFileType = image.png; path = "NavMenuIconDone@3x.png"; sourceTree = "<group>"; };
		65CDAB2FF49B60CADE864B14 /* TabIconStorage@2x.png */ = {isa = PBXFileReference; lastKnownFileType = image.png; path = "TabIconStorage@2x.png"; sourceTree = "<group>"; };
		65CDAB5734ACD96E9FD87E96 /* PPProvider.m */ = {isa = PBXFileReference; fileEncoding = 4; lastKnownFileType = sourcecode.c.objc; path = PPProvider.m; sourceTree = "<group>"; };
		65CDAB82A1C4ED432D232322 /* TabIconSettings@2x.png */ = {isa = PBXFileReference; lastKnownFileType = image.png; path = "TabIconSettings@2x.png"; sourceTree = "<group>"; };
		65CDABBA8C3CE8F2A0228D1B /* NavMenuIconEdit@2x.png */ = {isa = PBXFileReference; lastKnownFileType = image.png; path = "NavMenuIconEdit@2x.png"; sourceTree = "<group>"; };
		65CDAC3644806D8ED697BF93 /* PPLibraryAlbumsWithTracksListViewController.m */ = {isa = PBXFileReference; fileEncoding = 4; lastKnownFileType = sourcecode.c.objc; path = PPLibraryAlbumsWithTracksListViewController.m; sourceTree = "<group>"; };
		65CDAC6FE255CA1E9C84B888 /* PPLibraryAllGenresListViewController.m */ = {isa = PBXFileReference; fileEncoding = 4; lastKnownFileType = sourcecode.c.objc; path = PPLibraryAllGenresListViewController.m; sourceTree = "<group>"; };
		65CDAC7451B5A4B5F8897390 /* NavMenuIconToLibrary@3x.png */ = {isa = PBXFileReference; lastKnownFileType = image.png; path = "NavMenuIconToLibrary@3x.png"; sourceTree = "<group>"; };
		65CDAC881C0141BD88C3AA73 /* PPLibrarySectionsViewController.h */ = {isa = PBXFileReference; fileEncoding = 4; lastKnownFileType = sourcecode.c.h; path = PPLibrarySectionsViewController.h; sourceTree = "<group>"; };
		65CDAC8DA10B7A0FA7444CA0 /* LLACircularProgressView.m */ = {isa = PBXFileReference; fileEncoding = 4; lastKnownFileType = sourcecode.c.objc; path = LLACircularProgressView.m; sourceTree = "<group>"; };
		65CDACAFA39C5DD0C7A9E877 /* PPLibraryItemModel.h */ = {isa = PBXFileReference; fileEncoding = 4; lastKnownFileType = sourcecode.c.h; path = PPLibraryItemModel.h; sourceTree = "<group>"; };
		65CDACE30F253AE9F5F66E1D /* LLACircularProgressView.h */ = {isa = PBXFileReference; fileEncoding = 4; lastKnownFileType = sourcecode.c.h; path = LLACircularProgressView.h; sourceTree = "<group>"; };
		65CDACFDF0AE390923965320 /* TabIconPlayer@3x.png */ = {isa = PBXFileReference; lastKnownFileType = image.png; path = "TabIconPlayer@3x.png"; sourceTree = "<group>"; };
		65CDAD2BA3EDC4255CD1E848 /* ArtworkPlaceHolderArtist@3x.png */ = {isa = PBXFileReference; lastKnownFileType = image.png; path = "ArtworkPlaceHolderArtist@3x.png"; sourceTree = "<group>"; };
		65CDAD2DA528EB1833FD5868 /* PPMenuNavigationViewController.m */ = {isa = PBXFileReference; fileEncoding = 4; lastKnownFileType = sourcecode.c.objc; path = PPMenuNavigationViewController.m; sourceTree = "<group>"; };
		65CDAD407ACF53B292D9760D /* PPDirectoryWatcher.m */ = {isa = PBXFileReference; fileEncoding = 4; lastKnownFileType = sourcecode.c.objc; path = PPDirectoryWatcher.m; sourceTree = "<group>"; };
		65CDAD4EB643370A2EA983A9 /* ArtworkPlaceHolderBig@2x.png */ = {isa = PBXFileReference; lastKnownFileType = image.png; path = "ArtworkPlaceHolderBig@2x.png"; sourceTree = "<group>"; };
		65CDAD787A6D49FF9C50290D /* PPLibraryAlbumModel.h */ = {isa = PBXFileReference; fileEncoding = 4; lastKnownFileType = sourcecode.c.h; path = PPLibraryAlbumModel.h; sourceTree = "<group>"; };
		65CDAD8A81914ED72D8BDFDE /* CellIconLibrarySectionsGenres@2x.png */ = {isa = PBXFileReference; lastKnownFileType = image.png; path = "CellIconLibrarySectionsGenres@2x.png"; sourceTree = "<group>"; };
		65CDADA1759F7CD6F582450C /* PPFileModel.h */ = {isa = PBXFileReference; fileEncoding = 4; lastKnownFileType = sourcecode.c.h; path = PPFileModel.h; sourceTree = "<group>"; };
		65CDADAA817C01093197E664 /* PPPlaylistsRootViewController.m */ = {isa = PBXFileReference; fileEncoding = 4; lastKnownFileType = sourcecode.c.objc; path = PPPlaylistsRootViewController.m; sourceTree = "<group>"; };
		65CDADCE3EFA431CDDA82934 /* ArtworkPlaceHolderIcon@3x.png */ = {isa = PBXFileReference; lastKnownFileType = image.png; path = "ArtworkPlaceHolderIcon@3x.png"; sourceTree = "<group>"; };
		65CDADE97BC964D53938BDD9 /* ArtworkPlaceHolderIcon@2x.png */ = {isa = PBXFileReference; lastKnownFileType = image.png; path = "ArtworkPlaceHolderIcon@2x.png"; sourceTree = "<group>"; };
		65CDADEF4637A89FDFF68878 /* CellIconCheckMarkEmpty@3x.png */ = {isa = PBXFileReference; lastKnownFileType = image.png; path = "CellIconCheckMarkEmpty@3x.png"; sourceTree = "<group>"; };
		65CDAE335C7D78B0BA2B5953 /* PPLibraryPlaylistsListViewController.h */ = {isa = PBXFileReference; fileEncoding = 4; lastKnownFileType = sourcecode.c.h; path = PPLibraryPlaylistsListViewController.h; sourceTree = "<group>"; };
		65CDAE38C76ED5933195559C /* CellIconCheckMarkEmpty@2x.png */ = {isa = PBXFileReference; lastKnownFileType = image.png; path = "CellIconCheckMarkEmpty@2x.png"; sourceTree = "<group>"; };
		65CDAE7FE7FE361ECFF18599 /* TabIconPlaylist.png */ = {isa = PBXFileReference; lastKnownFileType = image.png; path = TabIconPlaylist.png; sourceTree = "<group>"; };
		65CDAE9A89FB2D8E0A321322 /* PPFilesListViewController.m */ = {isa = PBXFileReference; fileEncoding = 4; lastKnownFileType = sourcecode.c.objc; path = PPFilesListViewController.m; sourceTree = "<group>"; };
		65CDAECF0EB14AA263C764F7 /* PPTabBarController.h */ = {isa = PBXFileReference; fileEncoding = 4; lastKnownFileType = sourcecode.c.h; path = PPTabBarController.h; sourceTree = "<group>"; };
		65CDAECF8C3C20F2DCA9A3DE /* PPPlaylistsRootViewController.h */ = {isa = PBXFileReference; fileEncoding = 4; lastKnownFileType = sourcecode.c.h; path = PPPlaylistsRootViewController.h; sourceTree = "<group>"; };
		65CDAED186C06508E38B518C /* TabIconStorage@3x.png */ = {isa = PBXFileReference; lastKnownFileType = image.png; path = "TabIconStorage@3x.png"; sourceTree = "<group>"; };
		65CDAED8C3AF1FFDCD17CD0F /* CellIconLibrarySectionsAlbums@3x.png */ = {isa = PBXFileReference; lastKnownFileType = image.png; path = "CellIconLibrarySectionsAlbums@3x.png"; sourceTree = "<group>"; };
		65CDAF07DA399F59C6E089F6 /* PPModel.h */ = {isa = PBXFileReference; fileEncoding = 4; lastKnownFileType = sourcecode.c.h; path = PPModel.h; sourceTree = "<group>"; };
		65CDAF1408DDACAF696C3352 /* NavMenuIconCancel@3x.png */ = {isa = PBXFileReference; lastKnownFileType = image.png; path = "NavMenuIconCancel@3x.png"; sourceTree = "<group>"; };
		65CDAF26A70C986A71C33969 /* CellIconLibrarySectionsGenres.png */ = {isa = PBXFileReference; lastKnownFileType = image.png; path = CellIconLibrarySectionsGenres.png; sourceTree = "<group>"; };
		65CDAF3A38D593D8EDAD3430 /* PPLibraryRootViewController.h */ = {isa = PBXFileReference; fileEncoding = 4; lastKnownFileType = sourcecode.c.h; path = PPLibraryRootViewController.h; sourceTree = "<group>"; };
		65CDAF5EF14B72F9BEF8B70C /* TabIconLibrary@3x.png */ = {isa = PBXFileReference; lastKnownFileType = image.png; path = "TabIconLibrary@3x.png"; sourceTree = "<group>"; };
		65CDAF8CA7E021ADB356871F /* NSString+EncodingFixing.m */ = {isa = PBXFileReference; fileEncoding = 4; lastKnownFileType = sourcecode.c.objc; path = "NSString+EncodingFixing.m"; sourceTree = "<group>"; };
		65CDAF989A55704CFAB57B0B /* CellIconLibrarySectionsArtists.png */ = {isa = PBXFileReference; lastKnownFileType = image.png; path = CellIconLibrarySectionsArtists.png; sourceTree = "<group>"; };
		65CDAFC9D7C30E1CC9D42F09 /* TabIconStorage.png */ = {isa = PBXFileReference; lastKnownFileType = image.png; path = TabIconStorage.png; sourceTree = "<group>"; };
		65CDAFCADEE9D46A6ACD7ED2 /* PPSelectableActionsViewController.h */ = {isa = PBXFileReference; fileEncoding = 4; lastKnownFileType = sourcecode.c.h; path = PPSelectableActionsViewController.h; sourceTree = "<group>"; };
		A73E445F1A502E29009E8B7C /* PPRootViewController.h */ = {isa = PBXFileReference; fileEncoding = 4; lastKnownFileType = sourcecode.c.h; path = PPRootViewController.h; sourceTree = "<group>"; };
		A73E44601A502E29009E8B7C /* PPRootViewController.m */ = {isa = PBXFileReference; fileEncoding = 4; lastKnownFileType = sourcecode.c.objc; path = PPRootViewController.m; sourceTree = "<group>"; };
		A73E446C1A502E29009E8B7C /* PPViewController.h */ = {isa = PBXFileReference; fileEncoding = 4; lastKnownFileType = sourcecode.c.h; path = PPViewController.h; sourceTree = "<group>"; };
		A73E446D1A502E29009E8B7C /* PPViewController.m */ = {isa = PBXFileReference; fileEncoding = 4; lastKnownFileType = sourcecode.c.objc; path = PPViewController.m; sourceTree = "<group>"; };
		A73EE0D01A5032800080A13F /* en */ = {isa = PBXFileReference; lastKnownFileType = text.plist.strings; name = en; path = en.lproj/Localizable.strings; sourceTree = "<group>"; };
		A73EE0D11A5032800080A13F /* ru */ = {isa = PBXFileReference; lastKnownFileType = text.plist.strings; name = ru; path = ru.lproj/Localizable.strings; sourceTree = "<group>"; };
		A79B13581A502AF70042DD4E /* Common.xcassets */ = {isa = PBXFileReference; lastKnownFileType = folder.assetcatalog; path = Common.xcassets; sourceTree = "<group>"; };
		A7B83EAC1A5866C2008E6979 /* MobileCoreServices.framework */ = {isa = PBXFileReference; lastKnownFileType = wrapper.framework; name = MobileCoreServices.framework; path = System/Library/Frameworks/MobileCoreServices.framework; sourceTree = SDKROOT; };
		A7B83EB01A5866F9008E6979 /* libsqlite3.dylib */ = {isa = PBXFileReference; lastKnownFileType = "compiled.mach-o.dylib"; name = libsqlite3.dylib; path = usr/lib/libsqlite3.dylib; sourceTree = SDKROOT; };
		A7B83EC51A586746008E6979 /* FMDatabase.h */ = {isa = PBXFileReference; fileEncoding = 4; lastKnownFileType = sourcecode.c.h; path = FMDatabase.h; sourceTree = "<group>"; };
		A7B83EC61A586746008E6979 /* FMDatabase.m */ = {isa = PBXFileReference; fileEncoding = 4; lastKnownFileType = sourcecode.c.objc; path = FMDatabase.m; sourceTree = "<group>"; };
		A7B83EC71A586746008E6979 /* FMDatabaseAdditions.h */ = {isa = PBXFileReference; fileEncoding = 4; lastKnownFileType = sourcecode.c.h; path = FMDatabaseAdditions.h; sourceTree = "<group>"; };
		A7B83EC81A586746008E6979 /* FMDatabaseAdditions.m */ = {isa = PBXFileReference; fileEncoding = 4; lastKnownFileType = sourcecode.c.objc; path = FMDatabaseAdditions.m; sourceTree = "<group>"; };
		A7B83EC91A586746008E6979 /* FMDatabasePool.h */ = {isa = PBXFileReference; fileEncoding = 4; lastKnownFileType = sourcecode.c.h; path = FMDatabasePool.h; sourceTree = "<group>"; };
		A7B83ECA1A586746008E6979 /* FMDatabasePool.m */ = {isa = PBXFileReference; fileEncoding = 4; lastKnownFileType = sourcecode.c.objc; path = FMDatabasePool.m; sourceTree = "<group>"; };
		A7B83ECB1A586746008E6979 /* FMDatabaseQueue.h */ = {isa = PBXFileReference; fileEncoding = 4; lastKnownFileType = sourcecode.c.h; path = FMDatabaseQueue.h; sourceTree = "<group>"; };
		A7B83ECC1A586746008E6979 /* FMDatabaseQueue.m */ = {isa = PBXFileReference; fileEncoding = 4; lastKnownFileType = sourcecode.c.objc; path = FMDatabaseQueue.m; sourceTree = "<group>"; };
		A7B83ECD1A586746008E6979 /* FMDB.h */ = {isa = PBXFileReference; fileEncoding = 4; lastKnownFileType = sourcecode.c.h; path = FMDB.h; sourceTree = "<group>"; };
		A7B83ECE1A586746008E6979 /* FMResultSet.h */ = {isa = PBXFileReference; fileEncoding = 4; lastKnownFileType = sourcecode.c.h; path = FMResultSet.h; sourceTree = "<group>"; };
		A7B83ECF1A586746008E6979 /* FMResultSet.m */ = {isa = PBXFileReference; fileEncoding = 4; lastKnownFileType = sourcecode.c.objc; path = FMResultSet.m; sourceTree = "<group>"; };
		A7C448961A501F1E00FE096B /* PPlayer.app */ = {isa = PBXFileReference; explicitFileType = wrapper.application; includeInIndex = 0; path = PPlayer.app; sourceTree = BUILT_PRODUCTS_DIR; };
		A7C448C01A501FB300FE096B /* AppDelegate.h */ = {isa = PBXFileReference; fileEncoding = 4; lastKnownFileType = sourcecode.c.h; path = AppDelegate.h; sourceTree = "<group>"; };
		A7C448C11A501FB300FE096B /* AppDelegate.m */ = {isa = PBXFileReference; fileEncoding = 4; lastKnownFileType = sourcecode.c.objc; path = AppDelegate.m; sourceTree = "<group>"; };
		A7C448C31A501FB300FE096B /* Info.plist */ = {isa = PBXFileReference; fileEncoding = 4; lastKnownFileType = text.plist.xml; path = Info.plist; sourceTree = "<group>"; };
		A7C448C41A501FB300FE096B /* main.m */ = {isa = PBXFileReference; fileEncoding = 4; lastKnownFileType = sourcecode.c.objc; path = main.m; sourceTree = "<group>"; };
		A7CE278C1A5090130074806E /* NavMenuIconSelect.png */ = {isa = PBXFileReference; lastKnownFileType = image.png; path = NavMenuIconSelect.png; sourceTree = "<group>"; };
		A7CE278D1A5090130074806E /* NavMenuIconSelect@2x.png */ = {isa = PBXFileReference; lastKnownFileType = image.png; path = "NavMenuIconSelect@2x.png"; sourceTree = "<group>"; };
		A7CE278E1A5090130074806E /* NavMenuIconSelect@3x.png */ = {isa = PBXFileReference; lastKnownFileType = image.png; path = "NavMenuIconSelect@3x.png"; sourceTree = "<group>"; };
		A7F3E7281A504F360018243C /* PPLaunchScreen.xib */ = {isa = PBXFileReference; fileEncoding = 4; lastKnownFileType = file.xib; path = PPLaunchScreen.xib; sourceTree = "<group>"; };
/* End PBXFileReference section */

/* Begin PBXFrameworksBuildPhase section */
		A7C448931A501F1E00FE096B /* Frameworks */ = {
			isa = PBXFrameworksBuildPhase;
			buildActionMask = 2147483647;
			files = (
				A7B83EB11A5866F9008E6979 /* libsqlite3.dylib in Frameworks */,
				A7B83EAF1A5866EE008E6979 /* MobileCoreServices.framework in Frameworks */,
			);
			runOnlyForDeploymentPostprocessing = 0;
		};
/* End PBXFrameworksBuildPhase section */

/* Begin PBXGroup section */
		65CDA177E08D002FC36840E6 /* PPlayer Classes */ = {
			isa = PBXGroup;
			children = (
				65CDA663B2275BD24E71A016 /* Model */,
				65CDAFB640B99E8F1959D331 /* UI */,
			);
			path = "PPlayer Classes";
			sourceTree = "<group>";
		};
		65CDA1EB6A22E86F59E14980 /* PPLibraryAlbumsWithTracksListViewController */ = {
			isa = PBXGroup;
			children = (
				65CDAC3644806D8ED697BF93 /* PPLibraryAlbumsWithTracksListViewController.m */,
				65CDA86148B0FD5C5BE81E8E /* PPLibraryAlbumsWithTracksListViewController.h */,
			);
			path = PPLibraryAlbumsWithTracksListViewController;
			sourceTree = "<group>";
		};
		65CDA1F6415A875AD8FE54AE /* PPTabBarController */ = {
			isa = PBXGroup;
			children = (
				65CDAECF0EB14AA263C764F7 /* PPTabBarController.h */,
				65CDA007B651B621FEDD13AB /* PPTabBarController.m */,
			);
			path = PPTabBarController;
			sourceTree = "<group>";
		};
		65CDA2EB40C7AD46FEAD96CD /* Files */ = {
			isa = PBXGroup;
			children = (
				65CDAAEBD49412A5ECA374B4 /* PPFilesProvider.m */,
				65CDA88B2CFB64E225A4D878 /* PPFilesProvider.h */,
				65CDAAAEF511AC5E86C2FF01 /* PPDirectoryWatcher */,
			);
			path = Files;
			sourceTree = "<group>";
		};
		65CDA309031462E56A864DF9 /* Storage */ = {
			isa = PBXGroup;
			children = (
				65CDAB12CDFF2E18D792807A /* PPFilesListViewController */,
				65CDA2531E3580D21E05E1F4 /* PPStorageRootViewController.m */,
				65CDA51847EF265D53C1B0D3 /* PPStorageRootViewController.h */,
			);
			path = Storage;
			sourceTree = "<group>";
		};
		65CDA3247E7D01288B05746C /* Genre */ = {
			isa = PBXGroup;
			children = (
				65CDA0E154167848700E464B /* PPLibraryGenreModel.m */,
				65CDA67E39070531ED665BB7 /* PPLibraryGenreModel.h */,
			);
			path = Genre;
			sourceTree = "<group>";
		};
		65CDA40D6AD849EBDCEB793F /* Library */ = {
			isa = PBXGroup;
			children = (
				65CDAED574AD91E76289873A /* PPLibrarySectionsViewController */,
				65CDA3668AA954566E2D099E /* PPLibraryRootViewController.m */,
				65CDAF3A38D593D8EDAD3430 /* PPLibraryRootViewController.h */,
			);
			path = Library;
			sourceTree = "<group>";
		};
		65CDA41E01BD5321C9636F13 /* PPLibraryPlaylistsListViewController */ = {
			isa = PBXGroup;
			children = (
				65CDA2064830795C34D76A91 /* PPLibraryPlaylistsListViewController.m */,
				65CDAE335C7D78B0BA2B5953 /* PPLibraryPlaylistsListViewController.h */,
			);
			path = PPLibraryPlaylistsListViewController;
			sourceTree = "<group>";
		};
		65CDA4415F698EB668E86764 /* Cells Icons */ = {
			isa = PBXGroup;
			children = (
				65CDACAB37085E15C08ACC7A /* Files List */,
				65CDAD7455FB33E2743DD828 /* Library Sections */,
				65CDA95052816952A806DA71 /* Playlists List */,
			);
			path = "Cells Icons";
			sourceTree = "<group>";
		};
		65CDA4DF6536E65064BAB7A6 /* Artworks */ = {
			isa = PBXGroup;
			children = (
				65CDA4CEFA4E9125940A59BC /* ArtworkPlaceHolderBig@3x.png */,
				65CDAD4EB643370A2EA983A9 /* ArtworkPlaceHolderBig@2x.png */,
				65CDA32E413022B00FCDAC4D /* ArtworkPlaceHolderBig.png */,
				65CDADE97BC964D53938BDD9 /* ArtworkPlaceHolderIcon@2x.png */,
				65CDAA818C414D1FA6693C1E /* ArtworkPlaceHolderIcon.png */,
				65CDADCE3EFA431CDDA82934 /* ArtworkPlaceHolderIcon@3x.png */,
				65CDAD2BA3EDC4255CD1E848 /* ArtworkPlaceHolderArtist@3x.png */,
				65CDAA69271EABFAD893489B /* ArtworkPlaceHolderArtist@2x.png */,
				65CDA6C6343980E044B483A8 /* ArtworkPlaceHolderArtist.png */,
			);
			path = Artworks;
			sourceTree = "<group>";
		};
		65CDA5071EDB13C47CE3F895 /* PPNavigationController */ = {
			isa = PBXGroup;
			children = (
				65CDA4643B75916DDC4E62DD /* PPNavigationController.h */,
				65CDA6D447ECB51A69F5E71B /* PPNavigationController.m */,
				65CDA94834263981A6A4C155 /* PPMenuNavigationViewController */,
			);
			path = PPNavigationController;
			sourceTree = "<group>";
		};
		65CDA5749B8D303127BE15C3 /* Track */ = {
			isa = PBXGroup;
			children = (
				65CDA85E2CA2295D8AF54AFC /* PPLibraryTrackModel.m */,
				65CDA61246E8EFE6DC982D5C /* PPLibraryTrackModel.h */,
			);
			path = Track;
			sourceTree = "<group>";
		};
		65CDA5F0CAF9B284C2C5603B /* PPLibraryAllAlbumsListViewController */ = {
			isa = PBXGroup;
			children = (
				65CDA1AD88C5DDB343F92A65 /* PPLibraryAllAlbumsListViewController.m */,
				65CDA895FB8509A760DAAADC /* PPLibraryAllAlbumsListViewController.h */,
			);
			path = PPLibraryAllAlbumsListViewController;
			sourceTree = "<group>";
		};
		65CDA663B2275BD24E71A016 /* Model */ = {
			isa = PBXGroup;
			children = (
				65CDAFC07B31EBABDD48EEFD /* Entities */,
				65CDA72ABB9B6A171D88CAB5 /* Providers */,
			);
			path = Model;
			sourceTree = "<group>";
		};
		65CDA6F19AA5EC894ADF251F /* Playlists */ = {
			isa = PBXGroup;
			children = (
				65CDADAA817C01093197E664 /* PPPlaylistsRootViewController.m */,
				65CDAECF8C3C20F2DCA9A3DE /* PPPlaylistsRootViewController.h */,
			);
			path = Playlists;
			sourceTree = "<group>";
		};
		65CDA72ABB9B6A171D88CAB5 /* Providers */ = {
			isa = PBXGroup;
			children = (
				65CDAB5734ACD96E9FD87E96 /* PPProvider.m */,
				65CDA244CA75B1D27F875E84 /* PPProvider.h */,
				65CDA2EB40C7AD46FEAD96CD /* Files */,
				65CDAA1E7545F02A2F05A42C /* Library */,
			);
			path = Providers;
			sourceTree = "<group>";
		};
		65CDA82390F940A4D12D9206 /* Album */ = {
			isa = PBXGroup;
			children = (
				65CDA477CA2A3D8F55FAB7D2 /* PPLibraryAlbumModel.m */,
				65CDAD787A6D49FF9C50290D /* PPLibraryAlbumModel.h */,
			);
			path = Album;
			sourceTree = "<group>";
		};
		65CDA84B55AC1706A5A6E576 /* NSString+EncodingFixing */ = {
			isa = PBXGroup;
			children = (
				65CDA92FFD0C4247708FBF43 /* NSString+EncodingFixing.h */,
				65CDAF8CA7E021ADB356871F /* NSString+EncodingFixing.m */,
			);
			path = "NSString+EncodingFixing";
			sourceTree = "<group>";
		};
		65CDA88E03758BE0C1C2B344 /* Library */ = {
			isa = PBXGroup;
			children = (
				65CDA7D333D29D78B519EF15 /* PPLibraryItemModel.m */,
				65CDACAFA39C5DD0C7A9E877 /* PPLibraryItemModel.h */,
				65CDA3247E7D01288B05746C /* Genre */,
				65CDA82390F940A4D12D9206 /* Album */,
				65CDAA58C31475D58B66DB07 /* Artist */,
				65CDA5749B8D303127BE15C3 /* Track */,
			);
			path = Library;
			sourceTree = "<group>";
		};
		65CDA9469D747FF4E44CBD91 /* PPSelectableActionsViewController */ = {
			isa = PBXGroup;
			children = (
				65CDA721BA61352E5DAB320A /* PPSelectableActionsViewController.m */,
				65CDAFCADEE9D46A6ACD7ED2 /* PPSelectableActionsViewController.h */,
			);
			path = PPSelectableActionsViewController;
			sourceTree = "<group>";
		};
		65CDA94834263981A6A4C155 /* PPMenuNavigationViewController */ = {
			isa = PBXGroup;
			children = (
				65CDAD2DA528EB1833FD5868 /* PPMenuNavigationViewController.m */,
				65CDA5834910126889C0076A /* PPMenuNavigationViewController.h */,
				65CDAD2D393F37C3956B33B2 /* PPNavigationBarMenuView */,
			);
			path = PPMenuNavigationViewController;
			sourceTree = "<group>";
		};
		65CDA95052816952A806DA71 /* Playlists List */ = {
			isa = PBXGroup;
			children = (
			);
			path = "Playlists List";
			sourceTree = "<group>";
		};
		65CDAA1E7545F02A2F05A42C /* Library */ = {
			isa = PBXGroup;
			children = (
				65CDA6E9B03DEE5170902ABB /* PPLibraryProvider.m */,
				65CDA8A819126E38F154FA9A /* PPLibraryProvider.h */,
				65CDA84B55AC1706A5A6E576 /* NSString+EncodingFixing */,
			);
			path = Library;
			sourceTree = "<group>";
		};
		65CDAA58C31475D58B66DB07 /* Artist */ = {
			isa = PBXGroup;
			children = (
				65CDA49EA6F166F8EDE14365 /* PPLibraryArtistModel.m */,
				65CDA00F5FCAE1E19FA4D132 /* PPLibraryArtistModel.h */,
			);
			path = Artist;
			sourceTree = "<group>";
		};
		65CDAA68ED539CA6D08F75B9 /* PPLibrarySectionListViewController */ = {
			isa = PBXGroup;
			children = (
				65CDAB851FB94D9CFA0E5F12 /* PPLibraryAllGenresListViewController */,
				65CDAFBAFA4CFD17BED81F9C /* PPLibraryAllArtistsListViewController */,
				65CDA5F0CAF9B284C2C5603B /* PPLibraryAllAlbumsListViewController */,
				65CDAC7CC3F8B8B3865D5678 /* PPLibraryAllSongsListViewController */,
				65CDA18050A1D952F871AAA5 /* PPLibrarySectionListViewController.m */,
				65CDA698653CECE6934846C9 /* PPLibrarySectionListViewController.h */,
				65CDA1EB6A22E86F59E14980 /* PPLibraryAlbumsWithTracksListViewController */,
				65CDA41E01BD5321C9636F13 /* PPLibraryPlaylistsListViewController */,
			);
			path = PPLibrarySectionListViewController;
			sourceTree = "<group>";
		};
		65CDAAAEF511AC5E86C2FF01 /* PPDirectoryWatcher */ = {
			isa = PBXGroup;
			children = (
				65CDAD407ACF53B292D9760D /* PPDirectoryWatcher.m */,
				65CDA1647C719DBEDCDAE19A /* PPDirectoryWatcher.h */,
			);
			path = PPDirectoryWatcher;
			sourceTree = "<group>";
		};
		65CDAB12CDFF2E18D792807A /* PPFilesListViewController */ = {
			isa = PBXGroup;
			children = (
				65CDAE9A89FB2D8E0A321322 /* PPFilesListViewController.m */,
				65CDA88F255C8C043A282CB3 /* PPFilesListViewController.h */,
			);
			path = PPFilesListViewController;
			sourceTree = "<group>";
		};
		65CDAB851FB94D9CFA0E5F12 /* PPLibraryAllGenresListViewController */ = {
			isa = PBXGroup;
			children = (
				65CDAC6FE255CA1E9C84B888 /* PPLibraryAllGenresListViewController.m */,
				65CDAA762C32593940B9F478 /* PPLibraryAllGenresListViewController.h */,
			);
			path = PPLibraryAllGenresListViewController;
			sourceTree = "<group>";
		};
		65CDABF15F4F5BF65ED5B88B /* Sources */ = {
			isa = PBXGroup;
			children = (
				A7B83EC31A586746008E6979 /* 3rd Party */,
				65CDA177E08D002FC36840E6 /* PPlayer Classes */,
			);
			path = Sources;
			sourceTree = "<group>";
		};
		65CDAC14434CFE986E3E33E1 /* Files */ = {
			isa = PBXGroup;
			children = (
				65CDA9EE55DCAAC0CEF528D1 /* PPFileModel.m */,
				65CDADA1759F7CD6F582450C /* PPFileModel.h */,
			);
			path = Files;
			sourceTree = "<group>";
		};
		65CDAC7CC3F8B8B3865D5678 /* PPLibraryAllSongsListViewController */ = {
			isa = PBXGroup;
			children = (
				65CDA56CDD0CBBE3880C5617 /* PPLibraryAllSongsListViewController.m */,
				65CDA8E6B3ED5510CD6DE0E0 /* PPLibraryAllSongsListViewController.h */,
			);
			path = PPLibraryAllSongsListViewController;
			sourceTree = "<group>";
		};
		65CDACAB37085E15C08ACC7A /* Files List */ = {
			isa = PBXGroup;
			children = (
				65CDA8F044977C6F11C26F98 /* CellIconFile@3x.png */,
				65CDA36E4385907B148E998B /* CellIconFile@2x.png */,
				65CDA434A87EF62B917CF1C4 /* CellIconFolder.png */,
				65CDA98E737B5636BC61C4BF /* CellIconFolder@3x.png */,
				65CDA8209C5981398E65176A /* CellIconFile.png */,
				65CDAAEDC88376F40A700A3D /* CellIconFolder@2x.png */,
				65CDA65BACB4376C6D58897C /* CellIconCheckMarkFilled@2x.png */,
				65CDA251D8EE2851570C0399 /* CellIconCheckMarkEmpty.png */,
				65CDA0262E0AE569F66DDC2E /* CellIconCheckMarkFilled.png */,
				65CDA6492E7508D5C0E49DAD /* CellIconCheckMarkFilled@3x.png */,
				65CDADEF4637A89FDFF68878 /* CellIconCheckMarkEmpty@3x.png */,
				65CDAE38C76ED5933195559C /* CellIconCheckMarkEmpty@2x.png */,
				65CDA2AE24387CE271219B79 /* CellIconFileAudio.png */,
				65CDA33962723992F5C22BE8 /* CellIconFileAudio@3x.png */,
				65CDA53D8C05C0EAB4484F99 /* CellIconFileAudio@2x.png */,
			);
			path = "Files List";
			sourceTree = "<group>";
		};
		65CDAD2D393F37C3956B33B2 /* PPNavigationBarMenuView */ = {
			isa = PBXGroup;
			children = (
				65CDA217DBC509DE4AF79EB2 /* PPNavigationBarMenuView.m */,
				65CDA9AD398C849E711123B6 /* PPNavigationBarMenuView.h */,
			);
			path = PPNavigationBarMenuView;
			sourceTree = "<group>";
		};
		65CDAD7455FB33E2743DD828 /* Library Sections */ = {
			isa = PBXGroup;
			children = (
				65CDA5A549DD4A927B52CD82 /* CellIconLibrarySectionsAllSongs@2x.png */,
				65CDA2B73E8071A63EC266B8 /* CellIconLibrarySectionsAllSongs.png */,
				65CDAED8C3AF1FFDCD17CD0F /* CellIconLibrarySectionsAlbums@3x.png */,
				65CDA2F0CEB6842DF933D399 /* CellIconLibrarySectionsArtists@3x.png */,
				65CDAA2D33E1340472BAC753 /* CellIconLibrarySectionsAllSongs@3x.png */,
				65CDA8DFCE04C600C6B917F6 /* CellIconLibrarySectionsArtists@2x.png */,
				65CDA0172DAF051C9C2FD3FD /* CellIconLibrarySectionsGenres@3x.png */,
				65CDA08715F707071FC6887C /* CellIconLibrarySectionsAlbums.png */,
				65CDAD8A81914ED72D8BDFDE /* CellIconLibrarySectionsGenres@2x.png */,
				65CDAF989A55704CFAB57B0B /* CellIconLibrarySectionsArtists.png */,
				65CDAF26A70C986A71C33969 /* CellIconLibrarySectionsGenres.png */,
				65CDA42E4E75F3329C9EA0F5 /* CellIconLibrarySectionsAlbums@2x.png */,
			);
			path = "Library Sections";
			sourceTree = "<group>";
		};
		65CDAEC5A70746BB17F03817 /* Tab Bar */ = {
			isa = PBXGroup;
			children = (
				65CDAFC9D7C30E1CC9D42F09 /* TabIconStorage.png */,
				65CDAB2FF49B60CADE864B14 /* TabIconStorage@2x.png */,
				65CDAED186C06508E38B518C /* TabIconStorage@3x.png */,
				65CDAF5EF14B72F9BEF8B70C /* TabIconLibrary@3x.png */,
				65CDA255BF0DE9ABCE66E092 /* TabIconLibrary.png */,
				65CDA43678B1EC6A5C3D95F6 /* TabIconLibrary@2x.png */,
				65CDAA425F97AC96EC82F988 /* TabIconPlaylist@2x.png */,
				65CDA3D13BD9885EE030E8E6 /* TabIconPlaylist@3x.png */,
				65CDAE7FE7FE361ECFF18599 /* TabIconPlaylist.png */,
				65CDA8F863BB5C43BEB21182 /* TabIconPlayer@2x.png */,
				65CDA20580AF365292B4DEB7 /* TabIconPlayer.png */,
				65CDACFDF0AE390923965320 /* TabIconPlayer@3x.png */,
				65CDAB82A1C4ED432D232322 /* TabIconSettings@2x.png */,
				65CDA19917D7858BA7D895F8 /* TabIconSettings@3x.png */,
				65CDA26FB8D787BD4294CBEE /* TabIconSettings.png */,
			);
			path = "Tab Bar";
			sourceTree = "<group>";
		};
		65CDAED574AD91E76289873A /* PPLibrarySectionsViewController */ = {
			isa = PBXGroup;
			children = (
				65CDAAB4632FF6F8F9F84996 /* PPLibrarySectionsViewController.m */,
				65CDAC881C0141BD88C3AA73 /* PPLibrarySectionsViewController.h */,
				65CDAA68ED539CA6D08F75B9 /* PPLibrarySectionListViewController */,
			);
			path = PPLibrarySectionsViewController;
			sourceTree = "<group>";
		};
		65CDAEF8D8CEF84527C6B427 /* LLACircularProgressView */ = {
			isa = PBXGroup;
			children = (
				65CDACE30F253AE9F5F66E1D /* LLACircularProgressView.h */,
				65CDAC8DA10B7A0FA7444CA0 /* LLACircularProgressView.m */,
			);
			path = LLACircularProgressView;
			sourceTree = "<group>";
		};
		65CDAFB640B99E8F1959D331 /* UI */ = {
			isa = PBXGroup;
			children = (
				A73E44591A502E29009E8B7C /* Controllers */,
			);
			path = UI;
			sourceTree = "<group>";
		};
		65CDAFBAFA4CFD17BED81F9C /* PPLibraryAllArtistsListViewController */ = {
			isa = PBXGroup;
			children = (
				65CDA1B9D5328585104FB80F /* PPLibraryAllArtistsListViewController.m */,
				65CDA811670F87B634A12A66 /* PPLibraryAllArtistsListViewController.h */,
			);
			path = PPLibraryAllArtistsListViewController;
			sourceTree = "<group>";
		};
		65CDAFC07B31EBABDD48EEFD /* Entities */ = {
			isa = PBXGroup;
			children = (
				65CDAC14434CFE986E3E33E1 /* Files */,
				65CDA3D1E264811EBC735A72 /* PPModel.m */,
				65CDAF07DA399F59C6E089F6 /* PPModel.h */,
				65CDA88E03758BE0C1C2B344 /* Library */,
			);
			path = Entities;
			sourceTree = "<group>";
		};
		A73E44591A502E29009E8B7C /* Controllers */ = {
			isa = PBXGroup;
			children = (
				A73E445A1A502E29009E8B7C /* Common */,
				A73E44641A502E29009E8B7C /* Internal */,
				A73E446E1A502E29009E8B7C /* Screens */,
			);
			path = Controllers;
			sourceTree = "<group>";
		};
		A73E445A1A502E29009E8B7C /* Common */ = {
			isa = PBXGroup;
			children = (
				A73E445E1A502E29009E8B7C /* PPRootViewController */,
				65CDA9469D747FF4E44CBD91 /* PPSelectableActionsViewController */,
			);
			path = Common;
			sourceTree = "<group>";
		};
		A73E445E1A502E29009E8B7C /* PPRootViewController */ = {
			isa = PBXGroup;
			children = (
				A73E445F1A502E29009E8B7C /* PPRootViewController.h */,
				A73E44601A502E29009E8B7C /* PPRootViewController.m */,
			);
			path = PPRootViewController;
			sourceTree = "<group>";
		};
		A73E44641A502E29009E8B7C /* Internal */ = {
			isa = PBXGroup;
			children = (
				A73E446B1A502E29009E8B7C /* PPViewController */,
				65CDA5071EDB13C47CE3F895 /* PPNavigationController */,
				65CDA1F6415A875AD8FE54AE /* PPTabBarController */,
			);
			path = Internal;
			sourceTree = "<group>";
		};
		A73E446B1A502E29009E8B7C /* PPViewController */ = {
			isa = PBXGroup;
			children = (
				A73E446C1A502E29009E8B7C /* PPViewController.h */,
				A73E446D1A502E29009E8B7C /* PPViewController.m */,
			);
			path = PPViewController;
			sourceTree = "<group>";
		};
		A73E446E1A502E29009E8B7C /* Screens */ = {
			isa = PBXGroup;
			children = (
				65CDA309031462E56A864DF9 /* Storage */,
				65CDA40D6AD849EBDCEB793F /* Library */,
				65CDA6F19AA5EC894ADF251F /* Playlists */,
			);
			path = Screens;
			sourceTree = "<group>";
		};
		A73EE0CE1A5032800080A13F /* Localization */ = {
			isa = PBXGroup;
			children = (
				A73EE0CF1A5032800080A13F /* Localizable.strings */,
			);
			path = Localization;
			sourceTree = "<group>";
		};
		A79B13561A502AF70042DD4E /* Resources */ = {
			isa = PBXGroup;
			children = (
				A7F3E7271A504F200018243C /* LaunchScreen */,
				A73EE0CE1A5032800080A13F /* Localization */,
				A79B13571A502AF70042DD4E /* Images */,
			);
			path = Resources;
			sourceTree = "<group>";
		};
		A79B13571A502AF70042DD4E /* Images */ = {
			isa = PBXGroup;
			children = (
				A79B13581A502AF70042DD4E /* Common.xcassets */,
				65CDAEC5A70746BB17F03817 /* Tab Bar */,
				A7CE278B1A5090130074806E /* Bottom Nav Menu */,
				65CDA4415F698EB668E86764 /* Cells Icons */,
				65CDA4DF6536E65064BAB7A6 /* Artworks */,
			);
			path = Images;
			sourceTree = "<group>";
		};
		A7B83EAE1A5866D4008E6979 /* Frameworks */ = {
			isa = PBXGroup;
			children = (
				A7B83EAC1A5866C2008E6979 /* MobileCoreServices.framework */,
				A7B83EB01A5866F9008E6979 /* libsqlite3.dylib */,
			);
			name = Frameworks;
			sourceTree = "<group>";
		};
		A7B83EC31A586746008E6979 /* 3rd Party */ = {
			isa = PBXGroup;
			children = (
				A7B83EC41A586746008E6979 /* FMDB */,
				65CDAEF8D8CEF84527C6B427 /* LLACircularProgressView */,
			);
			path = "3rd Party";
			sourceTree = "<group>";
		};
		A7B83EC41A586746008E6979 /* FMDB */ = {
			isa = PBXGroup;
			children = (
				A7B83EC51A586746008E6979 /* FMDatabase.h */,
				A7B83EC61A586746008E6979 /* FMDatabase.m */,
				A7B83EC71A586746008E6979 /* FMDatabaseAdditions.h */,
				A7B83EC81A586746008E6979 /* FMDatabaseAdditions.m */,
				A7B83EC91A586746008E6979 /* FMDatabasePool.h */,
				A7B83ECA1A586746008E6979 /* FMDatabasePool.m */,
				A7B83ECB1A586746008E6979 /* FMDatabaseQueue.h */,
				A7B83ECC1A586746008E6979 /* FMDatabaseQueue.m */,
				A7B83ECD1A586746008E6979 /* FMDB.h */,
				A7B83ECE1A586746008E6979 /* FMResultSet.h */,
				A7B83ECF1A586746008E6979 /* FMResultSet.m */,
			);
			path = FMDB;
			sourceTree = "<group>";
		};
		A7C4488D1A501F1E00FE096B = {
			isa = PBXGroup;
			children = (
				A7C448981A501F1E00FE096B /* PPlayer */,
				A7B83EAE1A5866D4008E6979 /* Frameworks */,
				A7C448971A501F1E00FE096B /* Products */,
			);
			sourceTree = "<group>";
		};
		A7C448971A501F1E00FE096B /* Products */ = {
			isa = PBXGroup;
			children = (
				A7C448961A501F1E00FE096B /* PPlayer.app */,
			);
			name = Products;
			sourceTree = "<group>";
		};
		A7C448981A501F1E00FE096B /* PPlayer */ = {
			isa = PBXGroup;
			children = (
				A7C448BF1A501FB300FE096B /* AppDelegate */,
				A79B13561A502AF70042DD4E /* Resources */,
				A7C448C21A501FB300FE096B /* Other */,
				65CDABF15F4F5BF65ED5B88B /* Sources */,
			);
			path = PPlayer;
			sourceTree = "<group>";
		};
		A7C448BF1A501FB300FE096B /* AppDelegate */ = {
			isa = PBXGroup;
			children = (
				A7C448C01A501FB300FE096B /* AppDelegate.h */,
				A7C448C11A501FB300FE096B /* AppDelegate.m */,
			);
			path = AppDelegate;
			sourceTree = "<group>";
		};
		A7C448C21A501FB300FE096B /* Other */ = {
			isa = PBXGroup;
			children = (
				A7C448C31A501FB300FE096B /* Info.plist */,
				A7C448C41A501FB300FE096B /* main.m */,
			);
			path = Other;
			sourceTree = "<group>";
		};
		A7CE278B1A5090130074806E /* Bottom Nav Menu */ = {
			isa = PBXGroup;
			children = (
				A7CE278C1A5090130074806E /* NavMenuIconSelect.png */,
				A7CE278D1A5090130074806E /* NavMenuIconSelect@2x.png */,
				A7CE278E1A5090130074806E /* NavMenuIconSelect@3x.png */,
				65CDAF1408DDACAF696C3352 /* NavMenuIconCancel@3x.png */,
				65CDA31C3AB8F64745B2708A /* NavMenuIconCancel@2x.png */,
				65CDA647CF198E2D3C6DCB4A /* NavMenuIconCancel.png */,
				65CDA730B600220C32574B44 /* NavMenuIconToLibrary@2x.png */,
				65CDA41D62DD04BEA30A06F5 /* NavMenuIconToLibrary.png */,
				65CDAC7451B5A4B5F8897390 /* NavMenuIconToLibrary@3x.png */,
				65CDA68114A3279D44980273 /* NavMenuIconDone@2x.png */,
				65CDA465F1FE2FE5E349CDA1 /* NavMenuIconDone.png */,
				65CDAB0FE8CED06B215C8A58 /* NavMenuIconDone@3x.png */,
				65CDA03B803E410AE50C0F3A /* NavMenuIconDelete@3x.png */,
				65CDA63A4DB188E255AD81C3 /* NavMenuIconDelete@2x.png */,
				65CDA987FAD9AC044000854E /* NavMenuIconDelete.png */,
				65CDA0DF60754DE2B56F28C8 /* NavMenuIconEdit@3x.png */,
				65CDABBA8C3CE8F2A0228D1B /* NavMenuIconEdit@2x.png */,
				65CDA8F528687F2AEC1240CE /* NavMenuIconEdit.png */,
			);
			path = "Bottom Nav Menu";
			sourceTree = "<group>";
		};
		A7F3E7271A504F200018243C /* LaunchScreen */ = {
			isa = PBXGroup;
			children = (
				A7F3E7281A504F360018243C /* PPLaunchScreen.xib */,
			);
			path = LaunchScreen;
			sourceTree = "<group>";
		};
/* End PBXGroup section */

/* Begin PBXNativeTarget section */
		A7C448951A501F1E00FE096B /* PPlayer */ = {
			isa = PBXNativeTarget;
			buildConfigurationList = A7C448B91A501F1E00FE096B /* Build configuration list for PBXNativeTarget "PPlayer" */;
			buildPhases = (
				A7C448921A501F1E00FE096B /* Sources */,
				A7C448931A501F1E00FE096B /* Frameworks */,
				A7C448941A501F1E00FE096B /* Resources */,
				A75869CD1A5021A300E28A21 /* Auto-Bump Build Number */,
			);
			buildRules = (
			);
			dependencies = (
			);
			name = PPlayer;
			productName = PPlayer;
			productReference = A7C448961A501F1E00FE096B /* PPlayer.app */;
			productType = "com.apple.product-type.application";
		};
/* End PBXNativeTarget section */

/* Begin PBXProject section */
		A7C4488E1A501F1E00FE096B /* Project object */ = {
			isa = PBXProject;
			attributes = {
				LastUpgradeCheck = 0610;
				ORGANIZATIONNAME = "Alexander Orlov";
				TargetAttributes = {
					A7C448951A501F1E00FE096B = {
						CreatedOnToolsVersion = 6.1;
						DevelopmentTeam = J3FXQPLD5W;
					};
				};
			};
			buildConfigurationList = A7C448911A501F1E00FE096B /* Build configuration list for PBXProject "PPlayer" */;
			compatibilityVersion = "Xcode 3.2";
			developmentRegion = English;
			hasScannedForEncodings = 0;
			knownRegions = (
				en,
				Base,
				ru,
			);
			mainGroup = A7C4488D1A501F1E00FE096B;
			productRefGroup = A7C448971A501F1E00FE096B /* Products */;
			projectDirPath = "";
			projectRoot = "";
			targets = (
				A7C448951A501F1E00FE096B /* PPlayer */,
			);
		};
/* End PBXProject section */

/* Begin PBXResourcesBuildPhase section */
		A7C448941A501F1E00FE096B /* Resources */ = {
			isa = PBXResourcesBuildPhase;
			buildActionMask = 2147483647;
			files = (
				A79B13591A502AF70042DD4E /* Common.xcassets in Resources */,
				A7F3E7291A504F360018243C /* PPLaunchScreen.xib in Resources */,
				A73EE0D21A5032800080A13F /* Localizable.strings in Resources */,
				65CDAB3BAF29BADD7C299F79 /* TabIconStorage.png in Resources */,
				65CDA3E39F559DCA522B5CD0 /* TabIconStorage@2x.png in Resources */,
				65CDA3AE582DAE41DBEEEEAB /* TabIconStorage@3x.png in Resources */,
				A7CE278F1A5090130074806E /* NavMenuIconSelect.png in Resources */,
				65CDA486F7ADEF5128625768 /* TabIconLibrary@3x.png in Resources */,
				A7CE27901A5090130074806E /* NavMenuIconSelect@2x.png in Resources */,
				65CDA0454C178A1C55EDA446 /* TabIconLibrary.png in Resources */,
				65CDA5A3261E0539091A8F06 /* TabIconLibrary@2x.png in Resources */,
				65CDAFBA93429CA538FD3ED7 /* TabIconPlaylist@2x.png in Resources */,
				65CDA4A0F5DDFB777D2E78FB /* TabIconPlaylist@3x.png in Resources */,
				65CDA9FFB212ED45AC4DF808 /* TabIconPlaylist.png in Resources */,
				65CDA551204F96F6A802EAA4 /* TabIconPlayer@2x.png in Resources */,
				A7CE27911A5090130074806E /* NavMenuIconSelect@3x.png in Resources */,
				65CDA94CFE9399930B18A078 /* TabIconPlayer.png in Resources */,
				65CDA5971F1B642021E75414 /* TabIconPlayer@3x.png in Resources */,
				65CDAFC2DD458740FE1ED3F0 /* TabIconSettings@2x.png in Resources */,
				65CDAE5CC2BFB203C5333E7E /* TabIconSettings@3x.png in Resources */,
				65CDA7B7CC968A05B07A5747 /* TabIconSettings.png in Resources */,
				65CDA850869CC9BF039BD1E5 /* NavMenuIconCancel@3x.png in Resources */,
				65CDABA93627B7B412A8B609 /* NavMenuIconCancel@2x.png in Resources */,
				65CDA056E0EDDFF2892C32CE /* NavMenuIconCancel.png in Resources */,
				65CDA9F1BC864FAFB43749F1 /* NavMenuIconToLibrary@2x.png in Resources */,
				65CDA5335098AFAC7451BA05 /* NavMenuIconToLibrary.png in Resources */,
				65CDA91EFF4DE2B481E31060 /* NavMenuIconToLibrary@3x.png in Resources */,
				65CDA431C7B2221529A5C958 /* CellIconFile@3x.png in Resources */,
				65CDA97EC2AADBC32F2BD202 /* CellIconFile@2x.png in Resources */,
				65CDA979B6C8B8182D4227FE /* CellIconFolder.png in Resources */,
				65CDAAB955B1E322BBFF129F /* CellIconFolder@3x.png in Resources */,
				65CDA58D7C457841C849CEF1 /* CellIconFile.png in Resources */,
				65CDA57BE45278DA6AF04359 /* CellIconFolder@2x.png in Resources */,
				65CDA2B87C8A765001E2ED11 /* CellIconCheckMarkFilled@2x.png in Resources */,
				65CDA0BDE6B3061FEBD07D39 /* CellIconCheckMarkEmpty.png in Resources */,
				65CDA4593B974ADE50F938E8 /* CellIconCheckMarkFilled.png in Resources */,
				65CDAD2B9B3DAB713A8A09D1 /* CellIconCheckMarkFilled@3x.png in Resources */,
				65CDA86105D57C9F97DAFAC1 /* CellIconCheckMarkEmpty@3x.png in Resources */,
				65CDAAD81048C40A5877E7D0 /* CellIconCheckMarkEmpty@2x.png in Resources */,
				65CDA37CCA46D4175255310D /* NavMenuIconDone@2x.png in Resources */,
				65CDA37C02244B776B9F7DFC /* NavMenuIconDone.png in Resources */,
				65CDA9E71B7796A77133002F /* NavMenuIconDone@3x.png in Resources */,
				65CDA3149A4C8750D55C2F35 /* CellIconLibrarySectionsAllSongs@2x.png in Resources */,
				65CDA3062CFC39D3947F4A88 /* CellIconLibrarySectionsAllSongs.png in Resources */,
				65CDAA79AD0DCCF53C404A9B /* CellIconLibrarySectionsAlbums@3x.png in Resources */,
				65CDA96549B5D4D04D42DDB8 /* CellIconLibrarySectionsArtists@3x.png in Resources */,
				65CDA786712D3C7430C72A97 /* CellIconLibrarySectionsAllSongs@3x.png in Resources */,
				65CDA2916243AB0E52CCAB72 /* CellIconLibrarySectionsArtists@2x.png in Resources */,
				65CDAE0B152F9EA74CDC0B2F /* CellIconLibrarySectionsGenres@3x.png in Resources */,
				65CDAF340C06B80364C97A5A /* CellIconLibrarySectionsAlbums.png in Resources */,
				65CDA0EB852176E774509D1C /* CellIconLibrarySectionsGenres@2x.png in Resources */,
				65CDA17A18F4314A413621C7 /* CellIconLibrarySectionsArtists.png in Resources */,
				65CDAEB0997A618628E5A052 /* CellIconLibrarySectionsGenres.png in Resources */,
				65CDA5476DA9C882903DAADC /* CellIconLibrarySectionsAlbums@2x.png in Resources */,
				65CDA140F44122887932C6BD /* CellIconFileAudio.png in Resources */,
				65CDA18A5C45535D728D7350 /* CellIconFileAudio@3x.png in Resources */,
				65CDA21A613BE351E19E84A0 /* CellIconFileAudio@2x.png in Resources */,
				65CDAF35F2E53AAF85DE7CEA /* ArtworkPlaceHolderBig@3x.png in Resources */,
				65CDA7D92AB7A3C5AA87FD57 /* ArtworkPlaceHolderBig@2x.png in Resources */,
				65CDA530D53381B3BB2B38C1 /* ArtworkPlaceHolderBig.png in Resources */,
				65CDAEB04CD16B54B1AB36AA /* ArtworkPlaceHolderIcon@2x.png in Resources */,
				65CDA3B73F08AD3E930670EB /* ArtworkPlaceHolderIcon.png in Resources */,
				65CDADABB7F22C1C931FC707 /* ArtworkPlaceHolderIcon@3x.png in Resources */,
				65CDA8C4F6EAC1A21C6667BA /* NavMenuIconDelete@3x.png in Resources */,
				65CDADC0CF896C3991A90750 /* NavMenuIconDelete@2x.png in Resources */,
				65CDA75CD05F56A094DFA4E4 /* NavMenuIconDelete.png in Resources */,
				65CDA5DC9CD3DA56653AFD19 /* ArtworkPlaceHolderArtist@3x.png in Resources */,
				65CDA62FDD08EF9CF455010F /* ArtworkPlaceHolderArtist@2x.png in Resources */,
				65CDACE91A1B3326110D8C00 /* ArtworkPlaceHolderArtist.png in Resources */,
				65CDA0E4744727DBCACF2990 /* NavMenuIconEdit@3x.png in Resources */,
				65CDAEF110176719DF1C03A4 /* NavMenuIconEdit@2x.png in Resources */,
				65CDA63C157AD972DB3512F6 /* NavMenuIconEdit.png in Resources */,
			);
			runOnlyForDeploymentPostprocessing = 0;
		};
/* End PBXResourcesBuildPhase section */

/* Begin PBXShellScriptBuildPhase section */
		A75869CD1A5021A300E28A21 /* Auto-Bump Build Number */ = {
			isa = PBXShellScriptBuildPhase;
			buildActionMask = 2147483647;
			files = (
			);
			inputPaths = (
			);
			name = "Auto-Bump Build Number";
			outputPaths = (
			);
			runOnlyForDeploymentPostprocessing = 0;
			shellPath = /bin/sh;
			shellScript = "#!/bin/bash\nbuildNumber=$(/usr/libexec/PlistBuddy -c \"Print CFBundleVersion\" \"$INFOPLIST_FILE\")\nbuildNumber=$(($buildNumber + 1))\n/usr/libexec/PlistBuddy -c \"Set :CFBundleVersion $buildNumber\" \"$INFOPLIST_FILE\"";
		};
/* End PBXShellScriptBuildPhase section */

/* Begin PBXSourcesBuildPhase section */
		A7C448921A501F1E00FE096B /* Sources */ = {
			isa = PBXSourcesBuildPhase;
			buildActionMask = 2147483647;
			files = (
				A7C448C81A501FB300FE096B /* main.m in Sources */,
				A73E44741A502E29009E8B7C /* PPViewController.m in Sources */,
				A7B83ED01A586746008E6979 /* FMDatabase.m in Sources */,
				A7C448C61A501FB300FE096B /* AppDelegate.m in Sources */,
				A7B83ED41A586746008E6979 /* FMResultSet.m in Sources */,
				A73E44701A502E29009E8B7C /* PPRootViewController.m in Sources */,
				A7B83ED11A586746008E6979 /* FMDatabaseAdditions.m in Sources */,
				65CDAC507C5036855C4A139D /* PPFilesListViewController.m in Sources */,
				65CDA63CF91FDA264E06DEAE /* PPStorageRootViewController.m in Sources */,
				65CDAD73977D3CBC5364D382 /* PPModel.m in Sources */,
				65CDAF267F023F65D5772073 /* PPFileModel.m in Sources */,
				65CDAAB8D2DDF35EF15324E3 /* PPProvider.m in Sources */,
				65CDAA2C393F33F9E8D1FA08 /* PPFilesProvider.m in Sources */,
				A7B83ED21A586746008E6979 /* FMDatabasePool.m in Sources */,
				A7B83ED31A586746008E6979 /* FMDatabaseQueue.m in Sources */,
				65CDA69892BBDE466B07777A /* PPLibraryProvider.m in Sources */,
				65CDAE1086FCC3388C24B401 /* PPLibraryItemModel.m in Sources */,
				65CDA4E1C2672CE14613B59A /* PPLibraryGenreModel.m in Sources */,
				65CDA194219F867A44F6FF65 /* PPLibraryAlbumModel.m in Sources */,
				65CDA6B24115C6C4A5E89C64 /* PPLibraryArtistModel.m in Sources */,
				65CDAB59331C3E70C2A5B82E /* PPLibraryTrackModel.m in Sources */,
				65CDA864B1743002EFC1EA11 /* LLACircularProgressView.m in Sources */,
				65CDAE03C27D8F78FD6CE062 /* PPLibraryRootViewController.m in Sources */,
				65CDAD1DCFB3C23E87124D05 /* PPLibrarySectionsViewController.m in Sources */,
				65CDA594312CD5917B8B4A81 /* PPSelectableActionsViewController.m in Sources */,
				65CDA726A5D40B548EBBF4F3 /* PPDirectoryWatcher.m in Sources */,
				65CDADB3454E9750EE138F8C /* NSString+EncodingFixing.m in Sources */,
				65CDA27BD3DF4DDB32FE01BA /* PPLibraryAllGenresListViewController.m in Sources */,
				65CDA046210836B5340F2473 /* PPLibraryAllArtistsListViewController.m in Sources */,
				65CDA349F6F9AD9D25971E5B /* PPLibraryAllAlbumsListViewController.m in Sources */,
				65CDAEC4869265B6B095B731 /* PPLibraryAllSongsListViewController.m in Sources */,
				65CDA0E89BB149C038593963 /* PPLibrarySectionListViewController.m in Sources */,
				65CDAD2DD7848C9BAC985D82 /* PPLibraryAlbumsWithTracksListViewController.m in Sources */,
				65CDA7CBE1FEEDCC61B7CA36 /* PPPlaylistsRootViewController.m in Sources */,
				65CDA3647D62488F44F1D4C1 /* PPNavigationController.m in Sources */,
				65CDAAB1782CE593ECD3EC3C /* PPMenuNavigationViewController.m in Sources */,
				65CDA06E239FC06E43FDDAF9 /* PPNavigationBarMenuView.m in Sources */,
				65CDA674195F357A551FC146 /* PPTabBarController.m in Sources */,
				65CDA97F24840D82D239E03F /* PPLibraryPlaylistsListViewController.m in Sources */,
			);
			runOnlyForDeploymentPostprocessing = 0;
		};
/* End PBXSourcesBuildPhase section */

/* Begin PBXVariantGroup section */
		A73EE0CF1A5032800080A13F /* Localizable.strings */ = {
			isa = PBXVariantGroup;
			children = (
				A73EE0D01A5032800080A13F /* en */,
				A73EE0D11A5032800080A13F /* ru */,
			);
			name = Localizable.strings;
			sourceTree = "<group>";
		};
/* End PBXVariantGroup section */

/* Begin XCBuildConfiguration section */
		A7C448B71A501F1E00FE096B /* Debug */ = {
			isa = XCBuildConfiguration;
			buildSettings = {
				ALWAYS_SEARCH_USER_PATHS = NO;
				CLANG_CXX_LANGUAGE_STANDARD = "gnu++0x";
				CLANG_CXX_LIBRARY = "libc++";
				CLANG_ENABLE_MODULES = YES;
				CLANG_ENABLE_OBJC_ARC = YES;
				CLANG_WARN_BOOL_CONVERSION = YES;
				CLANG_WARN_CONSTANT_CONVERSION = YES;
				CLANG_WARN_DIRECT_OBJC_ISA_USAGE = YES_ERROR;
				CLANG_WARN_EMPTY_BODY = YES;
				CLANG_WARN_ENUM_CONVERSION = YES;
				CLANG_WARN_INT_CONVERSION = YES;
				CLANG_WARN_OBJC_ROOT_CLASS = YES_ERROR;
				CLANG_WARN_UNREACHABLE_CODE = YES;
				CLANG_WARN__DUPLICATE_METHOD_MATCH = YES;
				"CODE_SIGN_IDENTITY[sdk=iphoneos*]" = "iPhone Developer";
				COPY_PHASE_STRIP = NO;
				ENABLE_STRICT_OBJC_MSGSEND = YES;
				GCC_C_LANGUAGE_STANDARD = gnu99;
				GCC_DYNAMIC_NO_PIC = NO;
				GCC_OPTIMIZATION_LEVEL = 0;
				GCC_PREPROCESSOR_DEFINITIONS = (
					"DEBUG=1",
					"$(inherited)",
				);
				GCC_SYMBOLS_PRIVATE_EXTERN = NO;
				GCC_WARN_64_TO_32_BIT_CONVERSION = YES;
				GCC_WARN_ABOUT_RETURN_TYPE = YES_ERROR;
				GCC_WARN_UNDECLARED_SELECTOR = YES;
				GCC_WARN_UNINITIALIZED_AUTOS = YES_AGGRESSIVE;
				GCC_WARN_UNUSED_FUNCTION = YES;
				GCC_WARN_UNUSED_VARIABLE = YES;
				INFOPLIST_FILE = Other/Info.plist;
				IPHONEOS_DEPLOYMENT_TARGET = 8.1;
				MTL_ENABLE_DEBUG_INFO = YES;
				ONLY_ACTIVE_ARCH = YES;
				SDKROOT = iphoneos;
			};
			name = Debug;
		};
		A7C448B81A501F1E00FE096B /* Release */ = {
			isa = XCBuildConfiguration;
			buildSettings = {
				ALWAYS_SEARCH_USER_PATHS = NO;
				CLANG_CXX_LANGUAGE_STANDARD = "gnu++0x";
				CLANG_CXX_LIBRARY = "libc++";
				CLANG_ENABLE_MODULES = YES;
				CLANG_ENABLE_OBJC_ARC = YES;
				CLANG_WARN_BOOL_CONVERSION = YES;
				CLANG_WARN_CONSTANT_CONVERSION = YES;
				CLANG_WARN_DIRECT_OBJC_ISA_USAGE = YES_ERROR;
				CLANG_WARN_EMPTY_BODY = YES;
				CLANG_WARN_ENUM_CONVERSION = YES;
				CLANG_WARN_INT_CONVERSION = YES;
				CLANG_WARN_OBJC_ROOT_CLASS = YES_ERROR;
				CLANG_WARN_UNREACHABLE_CODE = YES;
				CLANG_WARN__DUPLICATE_METHOD_MATCH = YES;
				"CODE_SIGN_IDENTITY[sdk=iphoneos*]" = "iPhone Developer";
				COPY_PHASE_STRIP = YES;
				ENABLE_NS_ASSERTIONS = NO;
				ENABLE_STRICT_OBJC_MSGSEND = YES;
				GCC_C_LANGUAGE_STANDARD = gnu99;
				GCC_WARN_64_TO_32_BIT_CONVERSION = YES;
				GCC_WARN_ABOUT_RETURN_TYPE = YES_ERROR;
				GCC_WARN_UNDECLARED_SELECTOR = YES;
				GCC_WARN_UNINITIALIZED_AUTOS = YES_AGGRESSIVE;
				GCC_WARN_UNUSED_FUNCTION = YES;
				GCC_WARN_UNUSED_VARIABLE = YES;
				INFOPLIST_FILE = Other/Info.plist;
				IPHONEOS_DEPLOYMENT_TARGET = 8.1;
				MTL_ENABLE_DEBUG_INFO = NO;
				SDKROOT = iphoneos;
				VALIDATE_PRODUCT = YES;
			};
			name = Release;
		};
		A7C448BA1A501F1E00FE096B /* Debug */ = {
			isa = XCBuildConfiguration;
			buildSettings = {
				ASSETCATALOG_COMPILER_APPICON_NAME = AppIcon;
				CODE_SIGN_IDENTITY = "iPhone Developer";
				INFOPLIST_FILE = "$(SRCROOT)/PPlayer/Other/Info.plist";
				IPHONEOS_DEPLOYMENT_TARGET = 8.0;
				LD_RUNPATH_SEARCH_PATHS = "$(inherited) @executable_path/Frameworks";
				PRODUCT_NAME = "$(TARGET_NAME)";
			};
			name = Debug;
		};
		A7C448BB1A501F1E00FE096B /* Release */ = {
			isa = XCBuildConfiguration;
			buildSettings = {
				ASSETCATALOG_COMPILER_APPICON_NAME = AppIcon;
				CODE_SIGN_IDENTITY = "iPhone Developer";
				INFOPLIST_FILE = "$(SRCROOT)/PPlayer/Other/Info.plist";
				IPHONEOS_DEPLOYMENT_TARGET = 8.0;
				LD_RUNPATH_SEARCH_PATHS = "$(inherited) @executable_path/Frameworks";
				PRODUCT_NAME = "$(TARGET_NAME)";
			};
			name = Release;
		};
/* End XCBuildConfiguration section */

/* Begin XCConfigurationList section */
		A7C448911A501F1E00FE096B /* Build configuration list for PBXProject "PPlayer" */ = {
			isa = XCConfigurationList;
			buildConfigurations = (
				A7C448B71A501F1E00FE096B /* Debug */,
				A7C448B81A501F1E00FE096B /* Release */,
			);
			defaultConfigurationIsVisible = 0;
			defaultConfigurationName = Release;
		};
		A7C448B91A501F1E00FE096B /* Build configuration list for PBXNativeTarget "PPlayer" */ = {
			isa = XCConfigurationList;
			buildConfigurations = (
				A7C448BA1A501F1E00FE096B /* Debug */,
				A7C448BB1A501F1E00FE096B /* Release */,
			);
			defaultConfigurationIsVisible = 0;
			defaultConfigurationName = Release;
		};
/* End XCConfigurationList section */
	};
	rootObject = A7C4488E1A501F1E00FE096B /* Project object */;
}
